// !$*UTF8*$!
{
	archiveVersion = 1;
	classes = {
	};
	objectVersion = 46;
	objects = {

/* Begin PBXBuildFile section */
		1A8C65861CD2702C004160D7 /* AppDelegate.swift in Sources */ = {isa = PBXBuildFile; fileRef = 1A8C65851CD2702C004160D7 /* AppDelegate.swift */; };
		1A8C658B1CD2702C004160D7 /* Main.storyboard in Resources */ = {isa = PBXBuildFile; fileRef = 1A8C65891CD2702C004160D7 /* Main.storyboard */; };
		1A8C658D1CD2702C004160D7 /* Assets.xcassets in Resources */ = {isa = PBXBuildFile; fileRef = 1A8C658C1CD2702C004160D7 /* Assets.xcassets */; };
		1A8C65901CD2702C004160D7 /* LaunchScreen.storyboard in Resources */ = {isa = PBXBuildFile; fileRef = 1A8C658E1CD2702C004160D7 /* LaunchScreen.storyboard */; };
		1A8C65981CD27085004160D7 /* RestaurantListTableViewController.swift in Sources */ = {isa = PBXBuildFile; fileRef = 1A8C65971CD27085004160D7 /* RestaurantListTableViewController.swift */; };
		1A8C659A1CD270FB004160D7 /* Restaurant.swift in Sources */ = {isa = PBXBuildFile; fileRef = 1A8C65991CD270FB004160D7 /* Restaurant.swift */; };
		1A8C659C1CD2719E004160D7 /* RestaurantController.swift in Sources */ = {isa = PBXBuildFile; fileRef = 1A8C659B1CD2719E004160D7 /* RestaurantController.swift */; };
/* End PBXBuildFile section */

/* Begin PBXCopyFilesBuildPhase section */
		1A8C65A21CD27D5C004160D7 /* Embed Frameworks */ = {
			isa = PBXCopyFilesBuildPhase;
			buildActionMask = 2147483647;
			dstPath = "";
			dstSubfolderSpec = 10;
			files = (
			);
			name = "Embed Frameworks";
			runOnlyForDeploymentPostprocessing = 0;
		};
/* End PBXCopyFilesBuildPhase section */

/* Begin PBXFileReference section */
		1A8C65821CD2702C004160D7 /* FirebaseRestaurantList.app */ = {isa = PBXFileReference; explicitFileType = wrapper.application; includeInIndex = 0; path = FirebaseRestaurantList.app; sourceTree = BUILT_PRODUCTS_DIR; };
		1A8C65851CD2702C004160D7 /* AppDelegate.swift */ = {isa = PBXFileReference; lastKnownFileType = sourcecode.swift; path = AppDelegate.swift; sourceTree = "<group>"; };
		1A8C658A1CD2702C004160D7 /* Base */ = {isa = PBXFileReference; lastKnownFileType = file.storyboard; name = Base; path = Base.lproj/Main.storyboard; sourceTree = "<group>"; };
		1A8C658C1CD2702C004160D7 /* Assets.xcassets */ = {isa = PBXFileReference; lastKnownFileType = folder.assetcatalog; path = Assets.xcassets; sourceTree = "<group>"; };
		1A8C658F1CD2702C004160D7 /* Base */ = {isa = PBXFileReference; lastKnownFileType = file.storyboard; name = Base; path = Base.lproj/LaunchScreen.storyboard; sourceTree = "<group>"; };
		1A8C65911CD2702C004160D7 /* Info.plist */ = {isa = PBXFileReference; lastKnownFileType = text.plist.xml; path = Info.plist; sourceTree = "<group>"; };
		1A8C65971CD27085004160D7 /* RestaurantListTableViewController.swift */ = {isa = PBXFileReference; fileEncoding = 4; lastKnownFileType = sourcecode.swift; path = RestaurantListTableViewController.swift; sourceTree = "<group>"; };
		1A8C65991CD270FB004160D7 /* Restaurant.swift */ = {isa = PBXFileReference; fileEncoding = 4; lastKnownFileType = sourcecode.swift; path = Restaurant.swift; sourceTree = "<group>"; };
		1A8C659B1CD2719E004160D7 /* RestaurantController.swift */ = {isa = PBXFileReference; fileEncoding = 4; lastKnownFileType = sourcecode.swift; path = RestaurantController.swift; sourceTree = "<group>"; };
/* End PBXFileReference section */

/* Begin PBXFrameworksBuildPhase section */
		1A8C657F1CD2702C004160D7 /* Frameworks */ = {
			isa = PBXFrameworksBuildPhase;
			buildActionMask = 2147483647;
			files = (
			);
			runOnlyForDeploymentPostprocessing = 0;
		};
/* End PBXFrameworksBuildPhase section */

/* Begin PBXGroup section */
		1A8C65791CD2702C004160D7 = {
			isa = PBXGroup;
			children = (
				1A8C65841CD2702C004160D7 /* FirebaseRestaurantList */,
				1A8C65831CD2702C004160D7 /* Products */,
			);
			sourceTree = "<group>";
		};
		1A8C65831CD2702C004160D7 /* Products */ = {
			isa = PBXGroup;
			children = (
				1A8C65821CD2702C004160D7 /* FirebaseRestaurantList.app */,
			);
			name = Products;
			sourceTree = "<group>";
		};
		1A8C65841CD2702C004160D7 /* FirebaseRestaurantList */ = {
			isa = PBXGroup;
			children = (
				1A8C65851CD2702C004160D7 /* AppDelegate.swift */,
				1A8C65B01CD2FB5D004160D7 /* Controllers */,
				1A8C65B11CD2FB66004160D7 /* ViewControllers */,
				1A8C65B21CD2FB6E004160D7 /* Models */,
				1A8C658C1CD2702C004160D7 /* Assets.xcassets */,
				1A8C65891CD2702C004160D7 /* Main.storyboard */,
				1A8C658E1CD2702C004160D7 /* LaunchScreen.storyboard */,
				1A8C65911CD2702C004160D7 /* Info.plist */,
			);
			path = FirebaseRestaurantList;
			sourceTree = "<group>";
		};
		1A8C65B01CD2FB5D004160D7 /* Controllers */ = {
			isa = PBXGroup;
			children = (
				1A8C659B1CD2719E004160D7 /* RestaurantController.swift */,
			);
			name = Controllers;
			sourceTree = "<group>";
		};
		1A8C65B11CD2FB66004160D7 /* ViewControllers */ = {
			isa = PBXGroup;
			children = (
				1A8C65971CD27085004160D7 /* RestaurantListTableViewController.swift */,
			);
			name = ViewControllers;
			sourceTree = "<group>";
		};
		1A8C65B21CD2FB6E004160D7 /* Models */ = {
			isa = PBXGroup;
			children = (
				1A8C65991CD270FB004160D7 /* Restaurant.swift */,
			);
			name = Models;
			sourceTree = "<group>";
		};
/* End PBXGroup section */

/* Begin PBXNativeTarget section */
		1A8C65811CD2702C004160D7 /* FirebaseRestaurantList */ = {
			isa = PBXNativeTarget;
			buildConfigurationList = 1A8C65941CD2702C004160D7 /* Build configuration list for PBXNativeTarget "FirebaseRestaurantList" */;
			buildPhases = (
				1A8C657E1CD2702C004160D7 /* Sources */,
				1A8C657F1CD2702C004160D7 /* Frameworks */,
				1A8C65801CD2702C004160D7 /* Resources */,
				1A8C65A21CD27D5C004160D7 /* Embed Frameworks */,
			);
			buildRules = (
			);
			dependencies = (
			);
			name = FirebaseRestaurantList;
			productName = FirebaseRestaurantList;
			productReference = 1A8C65821CD2702C004160D7 /* FirebaseRestaurantList.app */;
			productType = "com.apple.product-type.application";
		};
/* End PBXNativeTarget section */

/* Begin PBXProject section */
		1A8C657A1CD2702C004160D7 /* Project object */ = {
			isa = PBXProject;
			attributes = {
				LastSwiftUpdateCheck = 0730;
				LastUpgradeCheck = 0730;
				ORGANIZATIONNAME = DevMountain;
				TargetAttributes = {
					1A8C65811CD2702C004160D7 = {
						CreatedOnToolsVersion = 7.3;
					};
				};
			};
			buildConfigurationList = 1A8C657D1CD2702C004160D7 /* Build configuration list for PBXProject "FirebaseRestaurantList" */;
			compatibilityVersion = "Xcode 3.2";
			developmentRegion = English;
			hasScannedForEncodings = 0;
			knownRegions = (
				en,
				Base,
			);
			mainGroup = 1A8C65791CD2702C004160D7;
			productRefGroup = 1A8C65831CD2702C004160D7 /* Products */;
			projectDirPath = "";
			projectRoot = "";
			targets = (
				1A8C65811CD2702C004160D7 /* FirebaseRestaurantList */,
			);
		};
/* End PBXProject section */

/* Begin PBXResourcesBuildPhase section */
		1A8C65801CD2702C004160D7 /* Resources */ = {
			isa = PBXResourcesBuildPhase;
			buildActionMask = 2147483647;
			files = (
				1A8C65901CD2702C004160D7 /* LaunchScreen.storyboard in Resources */,
				1A8C658D1CD2702C004160D7 /* Assets.xcassets in Resources */,
				1A8C658B1CD2702C004160D7 /* Main.storyboard in Resources */,
			);
			runOnlyForDeploymentPostprocessing = 0;
		};
/* End PBXResourcesBuildPhase section */

/* Begin PBXSourcesBuildPhase section */
		1A8C657E1CD2702C004160D7 /* Sources */ = {
			isa = PBXSourcesBuildPhase;
			buildActionMask = 2147483647;
			files = (
				1A8C65981CD27085004160D7 /* RestaurantListTableViewController.swift in Sources */,
				1A8C65861CD2702C004160D7 /* AppDelegate.swift in Sources */,
				1A8C659C1CD2719E004160D7 /* RestaurantController.swift in Sources */,
				1A8C659A1CD270FB004160D7 /* Restaurant.swift in Sources */,
			);
			runOnlyForDeploymentPostprocessing = 0;
		};
/* End PBXSourcesBuildPhase section */

/* Begin PBXVariantGroup section */
		1A8C65891CD2702C004160D7 /* Main.storyboard */ = {
			isa = PBXVariantGroup;
			children = (
				1A8C658A1CD2702C004160D7 /* Base */,
			);
			name = Main.storyboard;
			sourceTree = "<group>";
		};
		1A8C658E1CD2702C004160D7 /* LaunchScreen.storyboard */ = {
			isa = PBXVariantGroup;
			children = (
				1A8C658F1CD2702C004160D7 /* Base */,
			);
			name = LaunchScreen.storyboard;
			sourceTree = "<group>";
		};
/* End PBXVariantGroup section */

/* Begin XCBuildConfiguration section */
		1A8C65921CD2702C004160D7 /* Debug */ = {
			isa = XCBuildConfiguration;
			buildSettings = {
				ALWAYS_SEARCH_USER_PATHS = NO;
				CLANG_ANALYZER_NONNULL = YES;
				CLANG_CXX_LANGUAGE_STANDARD = "gnu++0x";
				CLANG_CXX_LIBRARY = "libc++";
				CLANG_ENABLE_MODULES = YES;
				CLANG_ENABLE_OBJC_ARC = YES;
				CLANG_WARN_BOOL_CONVERSION = YES;
				CLANG_WARN_CONSTANT_CONVERSION = YES;
				CLANG_WARN_DIRECT_OBJC_ISA_USAGE = YES_ERROR;
				CLANG_WARN_EMPTY_BODY = YES;
				CLANG_WARN_ENUM_CONVERSION = YES;
				CLANG_WARN_INT_CONVERSION = YES;
				CLANG_WARN_OBJC_ROOT_CLASS = YES_ERROR;
				CLANG_WARN_UNREACHABLE_CODE = YES;
				CLANG_WARN__DUPLICATE_METHOD_MATCH = YES;
				"CODE_SIGN_IDENTITY[sdk=iphoneos*]" = "iPhone Developer";
				COPY_PHASE_STRIP = NO;
				DEBUG_INFORMATION_FORMAT = dwarf;
				ENABLE_STRICT_OBJC_MSGSEND = YES;
				ENABLE_TESTABILITY = YES;
				GCC_C_LANGUAGE_STANDARD = gnu99;
				GCC_DYNAMIC_NO_PIC = NO;
				GCC_NO_COMMON_BLOCKS = YES;
				GCC_OPTIMIZATION_LEVEL = 0;
				GCC_PREPROCESSOR_DEFINITIONS = (
					"DEBUG=1",
					"$(inherited)",
				);
				GCC_WARN_64_TO_32_BIT_CONVERSION = YES;
				GCC_WARN_ABOUT_RETURN_TYPE = YES_ERROR;
				GCC_WARN_UNDECLARED_SELECTOR = YES;
				GCC_WARN_UNINITIALIZED_AUTOS = YES_AGGRESSIVE;
				GCC_WARN_UNUSED_FUNCTION = YES;
				GCC_WARN_UNUSED_VARIABLE = YES;
				IPHONEOS_DEPLOYMENT_TARGET = 9.3;
				MTL_ENABLE_DEBUG_INFO = YES;
				ONLY_ACTIVE_ARCH = YES;
				SDKROOT = iphoneos;
				SWIFT_OPTIMIZATION_LEVEL = "-Onone";
			};
			name = Debug;
		};
		1A8C65931CD2702C004160D7 /* Release */ = {
			isa = XCBuildConfiguration;
			buildSettings = {
				ALWAYS_SEARCH_USER_PATHS = NO;
				CLANG_ANALYZER_NONNULL = YES;
				CLANG_CXX_LANGUAGE_STANDARD = "gnu++0x";
				CLANG_CXX_LIBRARY = "libc++";
				CLANG_ENABLE_MODULES = YES;
				CLANG_ENABLE_OBJC_ARC = YES;
				CLANG_WARN_BOOL_CONVERSION = YES;
				CLANG_WARN_CONSTANT_CONVERSION = YES;
				CLANG_WARN_DIRECT_OBJC_ISA_USAGE = YES_ERROR;
				CLANG_WARN_EMPTY_BODY = YES;
				CLANG_WARN_ENUM_CONVERSION = YES;
				CLANG_WARN_INT_CONVERSION = YES;
				CLANG_WARN_OBJC_ROOT_CLASS = YES_ERROR;
				CLANG_WARN_UNREACHABLE_CODE = YES;
				CLANG_WARN__DUPLICATE_METHOD_MATCH = YES;
				"CODE_SIGN_IDENTITY[sdk=iphoneos*]" = "iPhone Developer";
				COPY_PHASE_STRIP = NO;
				DEBUG_INFORMATION_FORMAT = "dwarf-with-dsym";
				ENABLE_NS_ASSERTIONS = NO;
				ENABLE_STRICT_OBJC_MSGSEND = YES;
				GCC_C_LANGUAGE_STANDARD = gnu99;
				GCC_NO_COMMON_BLOCKS = YES;
				GCC_WARN_64_TO_32_BIT_CONVERSION = YES;
				GCC_WARN_ABOUT_RETURN_TYPE = YES_ERROR;
				GCC_WARN_UNDECLARED_SELECTOR = YES;
				GCC_WARN_UNINITIALIZED_AUTOS = YES_AGGRESSIVE;
				GCC_WARN_UNUSED_FUNCTION = YES;
				GCC_WARN_UNUSED_VARIABLE = YES;
				IPHONEOS_DEPLOYMENT_TARGET = 9.3;
				MTL_ENABLE_DEBUG_INFO = NO;
				SDKROOT = iphoneos;
				VALIDATE_PRODUCT = YES;
			};
			name = Release;
		};
		1A8C65951CD2702C004160D7 /* Debug */ = {
			isa = XCBuildConfiguration;
			buildSettings = {
				ASSETCATALOG_COMPILER_APPICON_NAME = AppIcon;
				FRAMEWORK_SEARCH_PATHS = (
					"$(inherited)",
					"$(PROJECT_DIR)",
				);
				INFOPLIST_FILE = FirebaseRestaurantList/Info.plist;
				LD_RUNPATH_SEARCH_PATHS = "$(inherited) @executable_path/Frameworks";
				PRODUCT_BUNDLE_IDENTIFIER = com.devmountain.FirebaseRestaurantList;
				PRODUCT_NAME = "$(TARGET_NAME)";
			};
			name = Debug;
		};
		1A8C65961CD2702C004160D7 /* Release */ = {
			isa = XCBuildConfiguration;
			buildSettings = {
				ASSETCATALOG_COMPILER_APPICON_NAME = AppIcon;
				FRAMEWORK_SEARCH_PATHS = (
					"$(inherited)",
					"$(PROJECT_DIR)",
				);
				INFOPLIST_FILE = FirebaseRestaurantList/Info.plist;
				LD_RUNPATH_SEARCH_PATHS = "$(inherited) @executable_path/Frameworks";
				PRODUCT_BUNDLE_IDENTIFIER = com.devmountain.FirebaseRestaurantList;
				PRODUCT_NAME = "$(TARGET_NAME)";
			};
			name = Release;
		};
/* End XCBuildConfiguration section */

/* Begin XCConfigurationList section */
		1A8C657D1CD2702C004160D7 /* Build configuration list for PBXProject "FirebaseRestaurantList" */ = {
			isa = XCConfigurationList;
			buildConfigurations = (
				1A8C65921CD2702C004160D7 /* Debug */,
				1A8C65931CD2702C004160D7 /* Release */,
			);
			defaultConfigurationIsVisible = 0;
			defaultConfigurationName = Release;
		};
		1A8C65941CD2702C004160D7 /* Build configuration list for PBXNativeTarget "FirebaseRestaurantList" */ = {
			isa = XCConfigurationList;
			buildConfigurations = (
				1A8C65951CD2702C004160D7 /* Debug */,
				1A8C65961CD2702C004160D7 /* Release */,
			);
			defaultConfigurationIsVisible = 0;
		};
/* End XCConfigurationList section */
	};
	rootObject = 1A8C657A1CD2702C004160D7 /* Project object */;
}
