// !$*UTF8*$!
{
	archiveVersion = 1;
	classes = {
	};
	objectVersion = 46;
	objects = {

/* Begin PBXBuildFile section */
		1AFCF5DA1CDA6730006D2F3D /* AppDelegate.swift in Sources */ = {isa = PBXBuildFile; fileRef = 1AFCF5D91CDA6730006D2F3D /* AppDelegate.swift */; };
		1AFCF5DF1CDA6730006D2F3D /* Main.storyboard in Resources */ = {isa = PBXBuildFile; fileRef = 1AFCF5DD1CDA6730006D2F3D /* Main.storyboard */; };
		1AFCF5E11CDA6730006D2F3D /* Assets.xcassets in Resources */ = {isa = PBXBuildFile; fileRef = 1AFCF5E01CDA6730006D2F3D /* Assets.xcassets */; };
		1AFCF5E41CDA6730006D2F3D /* LaunchScreen.storyboard in Resources */ = {isa = PBXBuildFile; fileRef = 1AFCF5E21CDA6730006D2F3D /* LaunchScreen.storyboard */; };
		1AFCF5EC1CDA68C1006D2F3D /* PlaylistTableViewController.swift in Sources */ = {isa = PBXBuildFile; fileRef = 1AFCF5EB1CDA68C1006D2F3D /* PlaylistTableViewController.swift */; };
		1AFCF5EE1CDA68C7006D2F3D /* SongTableViewController.swift in Sources */ = {isa = PBXBuildFile; fileRef = 1AFCF5ED1CDA68C7006D2F3D /* SongTableViewController.swift */; };
		1AFCF5F01CDA6969006D2F3D /* Song.swift in Sources */ = {isa = PBXBuildFile; fileRef = 1AFCF5EF1CDA6969006D2F3D /* Song.swift */; };
		1AFCF5F21CDA69B5006D2F3D /* Playlist.swift in Sources */ = {isa = PBXBuildFile; fileRef = 1AFCF5F11CDA69B5006D2F3D /* Playlist.swift */; };
		1AFCF5F41CDA6A1C006D2F3D /* PlaylistController.swift in Sources */ = {isa = PBXBuildFile; fileRef = 1AFCF5F31CDA6A1C006D2F3D /* PlaylistController.swift */; };
		1AFCF5F61CDA6BAD006D2F3D /* SongController.swift in Sources */ = {isa = PBXBuildFile; fileRef = 1AFCF5F51CDA6BAD006D2F3D /* SongController.swift */; };
/* End PBXBuildFile section */

/* Begin PBXFileReference section */
		1AFCF5D61CDA6730006D2F3D /* Playlist.app */ = {isa = PBXFileReference; explicitFileType = wrapper.application; includeInIndex = 0; path = Playlist.app; sourceTree = BUILT_PRODUCTS_DIR; };
		1AFCF5D91CDA6730006D2F3D /* AppDelegate.swift */ = {isa = PBXFileReference; lastKnownFileType = sourcecode.swift; path = AppDelegate.swift; sourceTree = "<group>"; };
		1AFCF5DE1CDA6730006D2F3D /* Base */ = {isa = PBXFileReference; lastKnownFileType = file.storyboard; name = Base; path = Base.lproj/Main.storyboard; sourceTree = "<group>"; };
		1AFCF5E01CDA6730006D2F3D /* Assets.xcassets */ = {isa = PBXFileReference; lastKnownFileType = folder.assetcatalog; path = Assets.xcassets; sourceTree = "<group>"; };
		1AFCF5E31CDA6730006D2F3D /* Base */ = {isa = PBXFileReference; lastKnownFileType = file.storyboard; name = Base; path = Base.lproj/LaunchScreen.storyboard; sourceTree = "<group>"; };
		1AFCF5E51CDA6730006D2F3D /* Info.plist */ = {isa = PBXFileReference; lastKnownFileType = text.plist.xml; path = Info.plist; sourceTree = "<group>"; };
		1AFCF5EB1CDA68C1006D2F3D /* PlaylistTableViewController.swift */ = {isa = PBXFileReference; fileEncoding = 4; lastKnownFileType = sourcecode.swift; path = PlaylistTableViewController.swift; sourceTree = "<group>"; };
		1AFCF5ED1CDA68C7006D2F3D /* SongTableViewController.swift */ = {isa = PBXFileReference; fileEncoding = 4; lastKnownFileType = sourcecode.swift; path = SongTableViewController.swift; sourceTree = "<group>"; };
		1AFCF5EF1CDA6969006D2F3D /* Song.swift */ = {isa = PBXFileReference; fileEncoding = 4; lastKnownFileType = sourcecode.swift; path = Song.swift; sourceTree = "<group>"; };
		1AFCF5F11CDA69B5006D2F3D /* Playlist.swift */ = {isa = PBXFileReference; fileEncoding = 4; lastKnownFileType = sourcecode.swift; path = Playlist.swift; sourceTree = "<group>"; };
		1AFCF5F31CDA6A1C006D2F3D /* PlaylistController.swift */ = {isa = PBXFileReference; fileEncoding = 4; lastKnownFileType = sourcecode.swift; path = PlaylistController.swift; sourceTree = "<group>"; };
		1AFCF5F51CDA6BAD006D2F3D /* SongController.swift */ = {isa = PBXFileReference; fileEncoding = 4; lastKnownFileType = sourcecode.swift; path = SongController.swift; sourceTree = "<group>"; };
/* End PBXFileReference section */

/* Begin PBXFrameworksBuildPhase section */
		1AFCF5D31CDA6730006D2F3D /* Frameworks */ = {
			isa = PBXFrameworksBuildPhase;
			buildActionMask = 2147483647;
			files = (
			);
			runOnlyForDeploymentPostprocessing = 0;
		};
/* End PBXFrameworksBuildPhase section */

/* Begin PBXGroup section */
		1AFCF5CD1CDA6730006D2F3D = {
			isa = PBXGroup;
			children = (
				1AFCF5D81CDA6730006D2F3D /* Playlist */,
				1AFCF5D71CDA6730006D2F3D /* Products */,
			);
			sourceTree = "<group>";
		};
		1AFCF5D71CDA6730006D2F3D /* Products */ = {
			isa = PBXGroup;
			children = (
				1AFCF5D61CDA6730006D2F3D /* Playlist.app */,
			);
			name = Products;
			sourceTree = "<group>";
		};
		1AFCF5D81CDA6730006D2F3D /* Playlist */ = {
			isa = PBXGroup;
			children = (
				1AFCF5D91CDA6730006D2F3D /* AppDelegate.swift */,
				1AFCF5DD1CDA6730006D2F3D /* Main.storyboard */,
				1AFCF5F71CDA72EF006D2F3D /* ModelControllers */,
				1AFCF5F91CDA72FF006D2F3D /* Models */,
				1AFCF5F81CDA72F7006D2F3D /* ViewControllers */,
				1AFCF5E01CDA6730006D2F3D /* Assets.xcassets */,
				1AFCF5E21CDA6730006D2F3D /* LaunchScreen.storyboard */,
				1AFCF5E51CDA6730006D2F3D /* Info.plist */,
			);
			path = Playlist;
			sourceTree = "<group>";
		};
		1AFCF5F71CDA72EF006D2F3D /* ModelControllers */ = {
			isa = PBXGroup;
			children = (
				1AFCF5F51CDA6BAD006D2F3D /* SongController.swift */,
				1AFCF5F31CDA6A1C006D2F3D /* PlaylistController.swift */,
			);
			name = ModelControllers;
			sourceTree = "<group>";
		};
		1AFCF5F81CDA72F7006D2F3D /* ViewControllers */ = {
			isa = PBXGroup;
			children = (
				1AFCF5EB1CDA68C1006D2F3D /* PlaylistTableViewController.swift */,
				1AFCF5ED1CDA68C7006D2F3D /* SongTableViewController.swift */,
			);
			name = ViewControllers;
			sourceTree = "<group>";
		};
		1AFCF5F91CDA72FF006D2F3D /* Models */ = {
			isa = PBXGroup;
			children = (
				1AFCF5EF1CDA6969006D2F3D /* Song.swift */,
				1AFCF5F11CDA69B5006D2F3D /* Playlist.swift */,
			);
			name = Models;
			sourceTree = "<group>";
		};
/* End PBXGroup section */

/* Begin PBXNativeTarget section */
		1AFCF5D51CDA6730006D2F3D /* Playlist */ = {
			isa = PBXNativeTarget;
			buildConfigurationList = 1AFCF5E81CDA6730006D2F3D /* Build configuration list for PBXNativeTarget "Playlist" */;
			buildPhases = (
				1AFCF5D21CDA6730006D2F3D /* Sources */,
				1AFCF5D31CDA6730006D2F3D /* Frameworks */,
				1AFCF5D41CDA6730006D2F3D /* Resources */,
			);
			buildRules = (
			);
			dependencies = (
			);
			name = Playlist;
			productName = Playlist;
			productReference = 1AFCF5D61CDA6730006D2F3D /* Playlist.app */;
			productType = "com.apple.product-type.application";
		};
/* End PBXNativeTarget section */

/* Begin PBXProject section */
		1AFCF5CE1CDA6730006D2F3D /* Project object */ = {
			isa = PBXProject;
			attributes = {
				LastSwiftUpdateCheck = 0730;
				LastUpgradeCheck = 0730;
				ORGANIZATIONNAME = DevMountain;
				TargetAttributes = {
					1AFCF5D51CDA6730006D2F3D = {
						CreatedOnToolsVersion = 7.3;
					};
				};
			};
			buildConfigurationList = 1AFCF5D11CDA6730006D2F3D /* Build configuration list for PBXProject "Playlist" */;
			compatibilityVersion = "Xcode 3.2";
			developmentRegion = English;
			hasScannedForEncodings = 0;
			knownRegions = (
				en,
				Base,
			);
			mainGroup = 1AFCF5CD1CDA6730006D2F3D;
			productRefGroup = 1AFCF5D71CDA6730006D2F3D /* Products */;
			projectDirPath = "";
			projectRoot = "";
			targets = (
				1AFCF5D51CDA6730006D2F3D /* Playlist */,
			);
		};
/* End PBXProject section */

/* Begin PBXResourcesBuildPhase section */
		1AFCF5D41CDA6730006D2F3D /* Resources */ = {
			isa = PBXResourcesBuildPhase;
			buildActionMask = 2147483647;
			files = (
				1AFCF5E41CDA6730006D2F3D /* LaunchScreen.storyboard in Resources */,
				1AFCF5E11CDA6730006D2F3D /* Assets.xcassets in Resources */,
				1AFCF5DF1CDA6730006D2F3D /* Main.storyboard in Resources */,
			);
			runOnlyForDeploymentPostprocessing = 0;
		};
/* End PBXResourcesBuildPhase section */

/* Begin PBXSourcesBuildPhase section */
		1AFCF5D21CDA6730006D2F3D /* Sources */ = {
			isa = PBXSourcesBuildPhase;
			buildActionMask = 2147483647;
			files = (
				1AFCF5F61CDA6BAD006D2F3D /* SongController.swift in Sources */,
				1AFCF5F01CDA6969006D2F3D /* Song.swift in Sources */,
				1AFCF5EC1CDA68C1006D2F3D /* PlaylistTableViewController.swift in Sources */,
				1AFCF5EE1CDA68C7006D2F3D /* SongTableViewController.swift in Sources */,
				1AFCF5DA1CDA6730006D2F3D /* AppDelegate.swift in Sources */,
				1AFCF5F21CDA69B5006D2F3D /* Playlist.swift in Sources */,
				1AFCF5F41CDA6A1C006D2F3D /* PlaylistController.swift in Sources */,
			);
			runOnlyForDeploymentPostprocessing = 0;
		};
/* End PBXSourcesBuildPhase section */

/* Begin PBXVariantGroup section */
		1AFCF5DD1CDA6730006D2F3D /* Main.storyboard */ = {
			isa = PBXVariantGroup;
			children = (
				1AFCF5DE1CDA6730006D2F3D /* Base */,
			);
			name = Main.storyboard;
			sourceTree = "<group>";
		};
		1AFCF5E21CDA6730006D2F3D /* LaunchScreen.storyboard */ = {
			isa = PBXVariantGroup;
			children = (
				1AFCF5E31CDA6730006D2F3D /* Base */,
			);
			name = LaunchScreen.storyboard;
			sourceTree = "<group>";
		};
/* End PBXVariantGroup section */

/* Begin XCBuildConfiguration section */
		1AFCF5E61CDA6730006D2F3D /* Debug */ = {
			isa = XCBuildConfiguration;
			buildSettings = {
				ALWAYS_SEARCH_USER_PATHS = NO;
				CLANG_ANALYZER_NONNULL = YES;
				CLANG_CXX_LANGUAGE_STANDARD = "gnu++0x";
				CLANG_CXX_LIBRARY = "libc++";
				CLANG_ENABLE_MODULES = YES;
				CLANG_ENABLE_OBJC_ARC = YES;
				CLANG_WARN_BOOL_CONVERSION = YES;
				CLANG_WARN_CONSTANT_CONVERSION = YES;
				CLANG_WARN_DIRECT_OBJC_ISA_USAGE = YES_ERROR;
				CLANG_WARN_EMPTY_BODY = YES;
				CLANG_WARN_ENUM_CONVERSION = YES;
				CLANG_WARN_INT_CONVERSION = YES;
				CLANG_WARN_OBJC_ROOT_CLASS = YES_ERROR;
				CLANG_WARN_UNREACHABLE_CODE = YES;
				CLANG_WARN__DUPLICATE_METHOD_MATCH = YES;
				"CODE_SIGN_IDENTITY[sdk=iphoneos*]" = "iPhone Developer";
				COPY_PHASE_STRIP = NO;
				DEBUG_INFORMATION_FORMAT = dwarf;
				ENABLE_STRICT_OBJC_MSGSEND = YES;
				ENABLE_TESTABILITY = YES;
				GCC_C_LANGUAGE_STANDARD = gnu99;
				GCC_DYNAMIC_NO_PIC = NO;
				GCC_NO_COMMON_BLOCKS = YES;
				GCC_OPTIMIZATION_LEVEL = 0;
				GCC_PREPROCESSOR_DEFINITIONS = (
					"DEBUG=1",
					"$(inherited)",
				);
				GCC_WARN_64_TO_32_BIT_CONVERSION = YES;
				GCC_WARN_ABOUT_RETURN_TYPE = YES_ERROR;
				GCC_WARN_UNDECLARED_SELECTOR = YES;
				GCC_WARN_UNINITIALIZED_AUTOS = YES_AGGRESSIVE;
				GCC_WARN_UNUSED_FUNCTION = YES;
				GCC_WARN_UNUSED_VARIABLE = YES;
				IPHONEOS_DEPLOYMENT_TARGET = 9.3;
				MTL_ENABLE_DEBUG_INFO = YES;
				ONLY_ACTIVE_ARCH = YES;
				SDKROOT = iphoneos;
				SWIFT_OPTIMIZATION_LEVEL = "-Onone";
			};
			name = Debug;
		};
		1AFCF5E71CDA6730006D2F3D /* Release */ = {
			isa = XCBuildConfiguration;
			buildSettings = {
				ALWAYS_SEARCH_USER_PATHS = NO;
				CLANG_ANALYZER_NONNULL = YES;
				CLANG_CXX_LANGUAGE_STANDARD = "gnu++0x";
				CLANG_CXX_LIBRARY = "libc++";
				CLANG_ENABLE_MODULES = YES;
				CLANG_ENABLE_OBJC_ARC = YES;
				CLANG_WARN_BOOL_CONVERSION = YES;
				CLANG_WARN_CONSTANT_CONVERSION = YES;
				CLANG_WARN_DIRECT_OBJC_ISA_USAGE = YES_ERROR;
				CLANG_WARN_EMPTY_BODY = YES;
				CLANG_WARN_ENUM_CONVERSION = YES;
				CLANG_WARN_INT_CONVERSION = YES;
				CLANG_WARN_OBJC_ROOT_CLASS = YES_ERROR;
				CLANG_WARN_UNREACHABLE_CODE = YES;
				CLANG_WARN__DUPLICATE_METHOD_MATCH = YES;
				"CODE_SIGN_IDENTITY[sdk=iphoneos*]" = "iPhone Developer";
				COPY_PHASE_STRIP = NO;
				DEBUG_INFORMATION_FORMAT = "dwarf-with-dsym";
				ENABLE_NS_ASSERTIONS = NO;
				ENABLE_STRICT_OBJC_MSGSEND = YES;
				GCC_C_LANGUAGE_STANDARD = gnu99;
				GCC_NO_COMMON_BLOCKS = YES;
				GCC_WARN_64_TO_32_BIT_CONVERSION = YES;
				GCC_WARN_ABOUT_RETURN_TYPE = YES_ERROR;
				GCC_WARN_UNDECLARED_SELECTOR = YES;
				GCC_WARN_UNINITIALIZED_AUTOS = YES_AGGRESSIVE;
				GCC_WARN_UNUSED_FUNCTION = YES;
				GCC_WARN_UNUSED_VARIABLE = YES;
				IPHONEOS_DEPLOYMENT_TARGET = 9.3;
				MTL_ENABLE_DEBUG_INFO = NO;
				SDKROOT = iphoneos;
				VALIDATE_PRODUCT = YES;
			};
			name = Release;
		};
		1AFCF5E91CDA6730006D2F3D /* Debug */ = {
			isa = XCBuildConfiguration;
			buildSettings = {
				ASSETCATALOG_COMPILER_APPICON_NAME = AppIcon;
				INFOPLIST_FILE = Playlist/Info.plist;
				LD_RUNPATH_SEARCH_PATHS = "$(inherited) @executable_path/Frameworks";
				PRODUCT_BUNDLE_IDENTIFIER = com.devmountain.Playlist;
				PRODUCT_NAME = "$(TARGET_NAME)";
			};
			name = Debug;
		};
		1AFCF5EA1CDA6730006D2F3D /* Release */ = {
			isa = XCBuildConfiguration;
			buildSettings = {
				ASSETCATALOG_COMPILER_APPICON_NAME = AppIcon;
				INFOPLIST_FILE = Playlist/Info.plist;
				LD_RUNPATH_SEARCH_PATHS = "$(inherited) @executable_path/Frameworks";
				PRODUCT_BUNDLE_IDENTIFIER = com.devmountain.Playlist;
				PRODUCT_NAME = "$(TARGET_NAME)";
			};
			name = Release;
		};
/* End XCBuildConfiguration section */

/* Begin XCConfigurationList section */
		1AFCF5D11CDA6730006D2F3D /* Build configuration list for PBXProject "Playlist" */ = {
			isa = XCConfigurationList;
			buildConfigurations = (
				1AFCF5E61CDA6730006D2F3D /* Debug */,
				1AFCF5E71CDA6730006D2F3D /* Release */,
			);
			defaultConfigurationIsVisible = 0;
			defaultConfigurationName = Release;
		};
		1AFCF5E81CDA6730006D2F3D /* Build configuration list for PBXNativeTarget "Playlist" */ = {
			isa = XCConfigurationList;
			buildConfigurations = (
				1AFCF5E91CDA6730006D2F3D /* Debug */,
				1AFCF5EA1CDA6730006D2F3D /* Release */,
			);
			defaultConfigurationIsVisible = 0;
			defaultConfigurationName = Release;
		};
/* End XCConfigurationList section */
	};
	rootObject = 1AFCF5CE1CDA6730006D2F3D /* Project object */;
}
