// !$*UTF8*$!
{
	archiveVersion = 1;
	classes = {
	};
	objectVersion = 46;
	objects = {

/* Begin PBXBuildFile section */
		1AFCF6721CDBF3FF006D2F3D /* AppDelegate.swift in Sources */ = {isa = PBXBuildFile; fileRef = 1AFCF6711CDBF3FF006D2F3D /* AppDelegate.swift */; };
		1AFCF6771CDBF3FF006D2F3D /* Main.storyboard in Resources */ = {isa = PBXBuildFile; fileRef = 1AFCF6751CDBF3FF006D2F3D /* Main.storyboard */; };
		1AFCF6791CDBF3FF006D2F3D /* Assets.xcassets in Resources */ = {isa = PBXBuildFile; fileRef = 1AFCF6781CDBF3FF006D2F3D /* Assets.xcassets */; };
		1AFCF67C1CDBF3FF006D2F3D /* LaunchScreen.storyboard in Resources */ = {isa = PBXBuildFile; fileRef = 1AFCF67A1CDBF3FF006D2F3D /* LaunchScreen.storyboard */; };
		1AFCF6861CDBF425006D2F3D /* ViewController.swift in Sources */ = {isa = PBXBuildFile; fileRef = 1AFCF6831CDBF425006D2F3D /* ViewController.swift */; };
		1AFCF6871CDBF425006D2F3D /* Timer.swift in Sources */ = {isa = PBXBuildFile; fileRef = 1AFCF6841CDBF425006D2F3D /* Timer.swift */; };
/* End PBXBuildFile section */

/* Begin PBXFileReference section */
		1AFCF66E1CDBF3FF006D2F3D /* PowerNapTimer.app */ = {isa = PBXFileReference; explicitFileType = wrapper.application; includeInIndex = 0; path = PowerNapTimer.app; sourceTree = BUILT_PRODUCTS_DIR; };
		1AFCF6711CDBF3FF006D2F3D /* AppDelegate.swift */ = {isa = PBXFileReference; lastKnownFileType = sourcecode.swift; path = AppDelegate.swift; sourceTree = "<group>"; };
		1AFCF6761CDBF3FF006D2F3D /* Base */ = {isa = PBXFileReference; lastKnownFileType = file.storyboard; name = Base; path = Base.lproj/Main.storyboard; sourceTree = "<group>"; };
		1AFCF6781CDBF3FF006D2F3D /* Assets.xcassets */ = {isa = PBXFileReference; lastKnownFileType = folder.assetcatalog; path = Assets.xcassets; sourceTree = "<group>"; };
		1AFCF67B1CDBF3FF006D2F3D /* Base */ = {isa = PBXFileReference; lastKnownFileType = file.storyboard; name = Base; path = Base.lproj/LaunchScreen.storyboard; sourceTree = "<group>"; };
		1AFCF67D1CDBF3FF006D2F3D /* Info.plist */ = {isa = PBXFileReference; lastKnownFileType = text.plist.xml; path = Info.plist; sourceTree = "<group>"; };
		1AFCF6831CDBF425006D2F3D /* ViewController.swift */ = {isa = PBXFileReference; fileEncoding = 4; lastKnownFileType = sourcecode.swift; path = ViewController.swift; sourceTree = "<group>"; };
		1AFCF6841CDBF425006D2F3D /* Timer.swift */ = {isa = PBXFileReference; fileEncoding = 4; lastKnownFileType = sourcecode.swift; path = Timer.swift; sourceTree = "<group>"; };
/* End PBXFileReference section */

/* Begin PBXFrameworksBuildPhase section */
		1AFCF66B1CDBF3FF006D2F3D /* Frameworks */ = {
			isa = PBXFrameworksBuildPhase;
			buildActionMask = 2147483647;
			files = (
			);
			runOnlyForDeploymentPostprocessing = 0;
		};
/* End PBXFrameworksBuildPhase section */

/* Begin PBXGroup section */
		1AFCF6651CDBF3FF006D2F3D = {
			isa = PBXGroup;
			children = (
				1AFCF6701CDBF3FF006D2F3D /* PowerNapTimer */,
				1AFCF66F1CDBF3FF006D2F3D /* Products */,
			);
			sourceTree = "<group>";
		};
		1AFCF66F1CDBF3FF006D2F3D /* Products */ = {
			isa = PBXGroup;
			children = (
				1AFCF66E1CDBF3FF006D2F3D /* PowerNapTimer.app */,
			);
			name = Products;
			sourceTree = "<group>";
		};
		1AFCF6701CDBF3FF006D2F3D /* PowerNapTimer */ = {
			isa = PBXGroup;
			children = (
				1AFCF6711CDBF3FF006D2F3D /* AppDelegate.swift */,
				1AFCF6831CDBF425006D2F3D /* ViewController.swift */,
				1AFCF6841CDBF425006D2F3D /* Timer.swift */,
				1AFCF6751CDBF3FF006D2F3D /* Main.storyboard */,
				1AFCF6781CDBF3FF006D2F3D /* Assets.xcassets */,
				1AFCF67A1CDBF3FF006D2F3D /* LaunchScreen.storyboard */,
				1AFCF67D1CDBF3FF006D2F3D /* Info.plist */,
			);
			path = PowerNapTimer;
			sourceTree = "<group>";
		};
/* End PBXGroup section */

/* Begin PBXNativeTarget section */
		1AFCF66D1CDBF3FF006D2F3D /* PowerNapTimer */ = {
			isa = PBXNativeTarget;
			buildConfigurationList = 1AFCF6801CDBF3FF006D2F3D /* Build configuration list for PBXNativeTarget "PowerNapTimer" */;
			buildPhases = (
				1AFCF66A1CDBF3FF006D2F3D /* Sources */,
				1AFCF66B1CDBF3FF006D2F3D /* Frameworks */,
				1AFCF66C1CDBF3FF006D2F3D /* Resources */,
			);
			buildRules = (
			);
			dependencies = (
			);
			name = PowerNapTimer;
			productName = PowerNapTimer;
			productReference = 1AFCF66E1CDBF3FF006D2F3D /* PowerNapTimer.app */;
			productType = "com.apple.product-type.application";
		};
/* End PBXNativeTarget section */

/* Begin PBXProject section */
		1AFCF6661CDBF3FF006D2F3D /* Project object */ = {
			isa = PBXProject;
			attributes = {
				LastSwiftUpdateCheck = 0730;
				LastUpgradeCheck = 0730;
				ORGANIZATIONNAME = DevMountain;
				TargetAttributes = {
					1AFCF66D1CDBF3FF006D2F3D = {
						CreatedOnToolsVersion = 7.3;
					};
				};
			};
			buildConfigurationList = 1AFCF6691CDBF3FF006D2F3D /* Build configuration list for PBXProject "PowerNapTimer" */;
			compatibilityVersion = "Xcode 3.2";
			developmentRegion = English;
			hasScannedForEncodings = 0;
			knownRegions = (
				en,
				Base,
			);
			mainGroup = 1AFCF6651CDBF3FF006D2F3D;
			productRefGroup = 1AFCF66F1CDBF3FF006D2F3D /* Products */;
			projectDirPath = "";
			projectRoot = "";
			targets = (
				1AFCF66D1CDBF3FF006D2F3D /* PowerNapTimer */,
			);
		};
/* End PBXProject section */

/* Begin PBXResourcesBuildPhase section */
		1AFCF66C1CDBF3FF006D2F3D /* Resources */ = {
			isa = PBXResourcesBuildPhase;
			buildActionMask = 2147483647;
			files = (
				1AFCF67C1CDBF3FF006D2F3D /* LaunchScreen.storyboard in Resources */,
				1AFCF6791CDBF3FF006D2F3D /* Assets.xcassets in Resources */,
				1AFCF6771CDBF3FF006D2F3D /* Main.storyboard in Resources */,
			);
			runOnlyForDeploymentPostprocessing = 0;
		};
/* End PBXResourcesBuildPhase section */

/* Begin PBXSourcesBuildPhase section */
		1AFCF66A1CDBF3FF006D2F3D /* Sources */ = {
			isa = PBXSourcesBuildPhase;
			buildActionMask = 2147483647;
			files = (
				1AFCF6871CDBF425006D2F3D /* Timer.swift in Sources */,
				1AFCF6861CDBF425006D2F3D /* ViewController.swift in Sources */,
				1AFCF6721CDBF3FF006D2F3D /* AppDelegate.swift in Sources */,
			);
			runOnlyForDeploymentPostprocessing = 0;
		};
/* End PBXSourcesBuildPhase section */

/* Begin PBXVariantGroup section */
		1AFCF6751CDBF3FF006D2F3D /* Main.storyboard */ = {
			isa = PBXVariantGroup;
			children = (
				1AFCF6761CDBF3FF006D2F3D /* Base */,
			);
			name = Main.storyboard;
			sourceTree = "<group>";
		};
		1AFCF67A1CDBF3FF006D2F3D /* LaunchScreen.storyboard */ = {
			isa = PBXVariantGroup;
			children = (
				1AFCF67B1CDBF3FF006D2F3D /* Base */,
			);
			name = LaunchScreen.storyboard;
			sourceTree = "<group>";
		};
/* End PBXVariantGroup section */

/* Begin XCBuildConfiguration section */
		1AFCF67E1CDBF3FF006D2F3D /* Debug */ = {
			isa = XCBuildConfiguration;
			buildSettings = {
				ALWAYS_SEARCH_USER_PATHS = NO;
				CLANG_ANALYZER_NONNULL = YES;
				CLANG_CXX_LANGUAGE_STANDARD = "gnu++0x";
				CLANG_CXX_LIBRARY = "libc++";
				CLANG_ENABLE_MODULES = YES;
				CLANG_ENABLE_OBJC_ARC = YES;
				CLANG_WARN_BOOL_CONVERSION = YES;
				CLANG_WARN_CONSTANT_CONVERSION = YES;
				CLANG_WARN_DIRECT_OBJC_ISA_USAGE = YES_ERROR;
				CLANG_WARN_EMPTY_BODY = YES;
				CLANG_WARN_ENUM_CONVERSION = YES;
				CLANG_WARN_INT_CONVERSION = YES;
				CLANG_WARN_OBJC_ROOT_CLASS = YES_ERROR;
				CLANG_WARN_UNREACHABLE_CODE = YES;
				CLANG_WARN__DUPLICATE_METHOD_MATCH = YES;
				"CODE_SIGN_IDENTITY[sdk=iphoneos*]" = "iPhone Developer";
				COPY_PHASE_STRIP = NO;
				DEBUG_INFORMATION_FORMAT = dwarf;
				ENABLE_STRICT_OBJC_MSGSEND = YES;
				ENABLE_TESTABILITY = YES;
				GCC_C_LANGUAGE_STANDARD = gnu99;
				GCC_DYNAMIC_NO_PIC = NO;
				GCC_NO_COMMON_BLOCKS = YES;
				GCC_OPTIMIZATION_LEVEL = 0;
				GCC_PREPROCESSOR_DEFINITIONS = (
					"DEBUG=1",
					"$(inherited)",
				);
				GCC_WARN_64_TO_32_BIT_CONVERSION = YES;
				GCC_WARN_ABOUT_RETURN_TYPE = YES_ERROR;
				GCC_WARN_UNDECLARED_SELECTOR = YES;
				GCC_WARN_UNINITIALIZED_AUTOS = YES_AGGRESSIVE;
				GCC_WARN_UNUSED_FUNCTION = YES;
				GCC_WARN_UNUSED_VARIABLE = YES;
				IPHONEOS_DEPLOYMENT_TARGET = 9.3;
				MTL_ENABLE_DEBUG_INFO = YES;
				ONLY_ACTIVE_ARCH = YES;
				SDKROOT = iphoneos;
				SWIFT_OPTIMIZATION_LEVEL = "-Onone";
			};
			name = Debug;
		};
		1AFCF67F1CDBF3FF006D2F3D /* Release */ = {
			isa = XCBuildConfiguration;
			buildSettings = {
				ALWAYS_SEARCH_USER_PATHS = NO;
				CLANG_ANALYZER_NONNULL = YES;
				CLANG_CXX_LANGUAGE_STANDARD = "gnu++0x";
				CLANG_CXX_LIBRARY = "libc++";
				CLANG_ENABLE_MODULES = YES;
				CLANG_ENABLE_OBJC_ARC = YES;
				CLANG_WARN_BOOL_CONVERSION = YES;
				CLANG_WARN_CONSTANT_CONVERSION = YES;
				CLANG_WARN_DIRECT_OBJC_ISA_USAGE = YES_ERROR;
				CLANG_WARN_EMPTY_BODY = YES;
				CLANG_WARN_ENUM_CONVERSION = YES;
				CLANG_WARN_INT_CONVERSION = YES;
				CLANG_WARN_OBJC_ROOT_CLASS = YES_ERROR;
				CLANG_WARN_UNREACHABLE_CODE = YES;
				CLANG_WARN__DUPLICATE_METHOD_MATCH = YES;
				"CODE_SIGN_IDENTITY[sdk=iphoneos*]" = "iPhone Developer";
				COPY_PHASE_STRIP = NO;
				DEBUG_INFORMATION_FORMAT = "dwarf-with-dsym";
				ENABLE_NS_ASSERTIONS = NO;
				ENABLE_STRICT_OBJC_MSGSEND = YES;
				GCC_C_LANGUAGE_STANDARD = gnu99;
				GCC_NO_COMMON_BLOCKS = YES;
				GCC_WARN_64_TO_32_BIT_CONVERSION = YES;
				GCC_WARN_ABOUT_RETURN_TYPE = YES_ERROR;
				GCC_WARN_UNDECLARED_SELECTOR = YES;
				GCC_WARN_UNINITIALIZED_AUTOS = YES_AGGRESSIVE;
				GCC_WARN_UNUSED_FUNCTION = YES;
				GCC_WARN_UNUSED_VARIABLE = YES;
				IPHONEOS_DEPLOYMENT_TARGET = 9.3;
				MTL_ENABLE_DEBUG_INFO = NO;
				SDKROOT = iphoneos;
				VALIDATE_PRODUCT = YES;
			};
			name = Release;
		};
		1AFCF6811CDBF3FF006D2F3D /* Debug */ = {
			isa = XCBuildConfiguration;
			buildSettings = {
				ASSETCATALOG_COMPILER_APPICON_NAME = AppIcon;
				INFOPLIST_FILE = PowerNapTimer/Info.plist;
				LD_RUNPATH_SEARCH_PATHS = "$(inherited) @executable_path/Frameworks";
				PRODUCT_BUNDLE_IDENTIFIER = com.devmountain.PowerNapTimer;
				PRODUCT_NAME = "$(TARGET_NAME)";
			};
			name = Debug;
		};
		1AFCF6821CDBF3FF006D2F3D /* Release */ = {
			isa = XCBuildConfiguration;
			buildSettings = {
				ASSETCATALOG_COMPILER_APPICON_NAME = AppIcon;
				INFOPLIST_FILE = PowerNapTimer/Info.plist;
				LD_RUNPATH_SEARCH_PATHS = "$(inherited) @executable_path/Frameworks";
				PRODUCT_BUNDLE_IDENTIFIER = com.devmountain.PowerNapTimer;
				PRODUCT_NAME = "$(TARGET_NAME)";
			};
			name = Release;
		};
/* End XCBuildConfiguration section */

/* Begin XCConfigurationList section */
		1AFCF6691CDBF3FF006D2F3D /* Build configuration list for PBXProject "PowerNapTimer" */ = {
			isa = XCConfigurationList;
			buildConfigurations = (
				1AFCF67E1CDBF3FF006D2F3D /* Debug */,
				1AFCF67F1CDBF3FF006D2F3D /* Release */,
			);
			defaultConfigurationIsVisible = 0;
			defaultConfigurationName = Release;
		};
		1AFCF6801CDBF3FF006D2F3D /* Build configuration list for PBXNativeTarget "PowerNapTimer" */ = {
			isa = XCConfigurationList;
			buildConfigurations = (
				1AFCF6811CDBF3FF006D2F3D /* Debug */,
				1AFCF6821CDBF3FF006D2F3D /* Release */,
			);
			defaultConfigurationIsVisible = 0;
		};
/* End XCConfigurationList section */
	};
	rootObject = 1AFCF6661CDBF3FF006D2F3D /* Project object */;
}
