// !$*UTF8*$!
{
	archiveVersion = 1;
	classes = {
	};
	objectVersion = 48;
	objects = {

/* Begin PBXBuildFile section */
		9DF81C90204F490100603884 /* AppDelegate.swift in Sources */ = {isa = PBXBuildFile; fileRef = 9DF81C8F204F490100603884 /* AppDelegate.swift */; };
		9DF81C95204F490100603884 /* Main.storyboard in Resources */ = {isa = PBXBuildFile; fileRef = 9DF81C93204F490100603884 /* Main.storyboard */; };
		9DF81C97204F490100603884 /* Assets.xcassets in Resources */ = {isa = PBXBuildFile; fileRef = 9DF81C96204F490100603884 /* Assets.xcassets */; };
		9DF81C9A204F490100603884 /* LaunchScreen.storyboard in Resources */ = {isa = PBXBuildFile; fileRef = 9DF81C98204F490100603884 /* LaunchScreen.storyboard */; };
		9DF81CA5204F4A9100603884 /* ContactsTableViewController.swift in Sources */ = {isa = PBXBuildFile; fileRef = 9DF81CA4204F4A9100603884 /* ContactsTableViewController.swift */; };
		9DF81CA7204F4B0C00603884 /* ContactsController.swift in Sources */ = {isa = PBXBuildFile; fileRef = 9DF81CA6204F4B0C00603884 /* ContactsController.swift */; };
		9DF81CAA204F4C0100603884 /* AddressBook.xcdatamodeld in Sources */ = {isa = PBXBuildFile; fileRef = 9DF81CA8204F4C0100603884 /* AddressBook.xcdatamodeld */; };
		9DF81CAC204F55F000603884 /* ContactDetailViewController.swift in Sources */ = {isa = PBXBuildFile; fileRef = 9DF81CAB204F55F000603884 /* ContactDetailViewController.swift */; };
		9DF81CB1204F56E700603884 /* Contact+Extras.swift in Sources */ = {isa = PBXBuildFile; fileRef = 9DF81CB0204F56E700603884 /* Contact+Extras.swift */; };
/* End PBXBuildFile section */

/* Begin PBXFileReference section */
		9DF81C8C204F490100603884 /* AddressBook.app */ = {isa = PBXFileReference; explicitFileType = wrapper.application; includeInIndex = 0; path = AddressBook.app; sourceTree = BUILT_PRODUCTS_DIR; };
		9DF81C8F204F490100603884 /* AppDelegate.swift */ = {isa = PBXFileReference; lastKnownFileType = sourcecode.swift; path = AppDelegate.swift; sourceTree = "<group>"; };
		9DF81C94204F490100603884 /* Base */ = {isa = PBXFileReference; lastKnownFileType = file.storyboard; name = Base; path = Base.lproj/Main.storyboard; sourceTree = "<group>"; };
		9DF81C96204F490100603884 /* Assets.xcassets */ = {isa = PBXFileReference; lastKnownFileType = folder.assetcatalog; path = Assets.xcassets; sourceTree = "<group>"; };
		9DF81C99204F490100603884 /* Base */ = {isa = PBXFileReference; lastKnownFileType = file.storyboard; name = Base; path = Base.lproj/LaunchScreen.storyboard; sourceTree = "<group>"; };
		9DF81C9B204F490100603884 /* Info.plist */ = {isa = PBXFileReference; lastKnownFileType = text.plist.xml; path = Info.plist; sourceTree = "<group>"; };
		9DF81CA4204F4A9100603884 /* ContactsTableViewController.swift */ = {isa = PBXFileReference; lastKnownFileType = sourcecode.swift; path = ContactsTableViewController.swift; sourceTree = "<group>"; };
		9DF81CA6204F4B0C00603884 /* ContactsController.swift */ = {isa = PBXFileReference; lastKnownFileType = sourcecode.swift; path = ContactsController.swift; sourceTree = "<group>"; };
		9DF81CA9204F4C0100603884 /* AddressBook.xcdatamodel */ = {isa = PBXFileReference; lastKnownFileType = wrapper.xcdatamodel; path = AddressBook.xcdatamodel; sourceTree = "<group>"; };
		9DF81CAB204F55F000603884 /* ContactDetailViewController.swift */ = {isa = PBXFileReference; lastKnownFileType = sourcecode.swift; path = ContactDetailViewController.swift; sourceTree = "<group>"; };
		9DF81CB0204F56E700603884 /* Contact+Extras.swift */ = {isa = PBXFileReference; lastKnownFileType = sourcecode.swift; path = "Contact+Extras.swift"; sourceTree = "<group>"; };
/* End PBXFileReference section */

/* Begin PBXFrameworksBuildPhase section */
		9DF81C89204F490100603884 /* Frameworks */ = {
			isa = PBXFrameworksBuildPhase;
			buildActionMask = 2147483647;
			files = (
			);
			runOnlyForDeploymentPostprocessing = 0;
		};
/* End PBXFrameworksBuildPhase section */

/* Begin PBXGroup section */
		9DF81C83204F490100603884 = {
			isa = PBXGroup;
			children = (
				9DF81CA1204F490600603884 /* Sources */,
				9DF81CA2204F490D00603884 /* Resources */,
				9DF81C8D204F490100603884 /* Products */,
			);
			sourceTree = "<group>";
		};
		9DF81C8D204F490100603884 /* Products */ = {
			isa = PBXGroup;
			children = (
				9DF81C8C204F490100603884 /* AddressBook.app */,
			);
			name = Products;
			sourceTree = "<group>";
		};
		9DF81CA1204F490600603884 /* Sources */ = {
			isa = PBXGroup;
			children = (
				9DF81C8F204F490100603884 /* AppDelegate.swift */,
				9DF81CAF204F560A00603884 /* Model */,
				9DF81CAE204F55FE00603884 /* Model Controllers */,
				9DF81CAD204F55F700603884 /* View Controllers */,
			);
			path = Sources;
			sourceTree = "<group>";
		};
		9DF81CA2204F490D00603884 /* Resources */ = {
			isa = PBXGroup;
			children = (
				9DF81CA3204F491C00603884 /* Storyboards */,
				9DF81C96204F490100603884 /* Assets.xcassets */,
				9DF81C9B204F490100603884 /* Info.plist */,
			);
			path = Resources;
			sourceTree = "<group>";
		};
		9DF81CA3204F491C00603884 /* Storyboards */ = {
			isa = PBXGroup;
			children = (
				9DF81C93204F490100603884 /* Main.storyboard */,
				9DF81C98204F490100603884 /* LaunchScreen.storyboard */,
			);
			path = Storyboards;
			sourceTree = "<group>";
		};
		9DF81CAD204F55F700603884 /* View Controllers */ = {
			isa = PBXGroup;
			children = (
				9DF81CA4204F4A9100603884 /* ContactsTableViewController.swift */,
				9DF81CAB204F55F000603884 /* ContactDetailViewController.swift */,
			);
			path = "View Controllers";
			sourceTree = "<group>";
		};
		9DF81CAE204F55FE00603884 /* Model Controllers */ = {
			isa = PBXGroup;
			children = (
				9DF81CA6204F4B0C00603884 /* ContactsController.swift */,
			);
			path = "Model Controllers";
			sourceTree = "<group>";
		};
		9DF81CAF204F560A00603884 /* Model */ = {
			isa = PBXGroup;
			children = (
				9DF81CA8204F4C0100603884 /* AddressBook.xcdatamodeld */,
				9DF81CB0204F56E700603884 /* Contact+Extras.swift */,
			);
			path = Model;
			sourceTree = "<group>";
		};
/* End PBXGroup section */

/* Begin PBXNativeTarget section */
		9DF81C8B204F490100603884 /* AddressBook */ = {
			isa = PBXNativeTarget;
			buildConfigurationList = 9DF81C9E204F490100603884 /* Build configuration list for PBXNativeTarget "AddressBook" */;
			buildPhases = (
				9DF81C88204F490100603884 /* Sources */,
				9DF81C89204F490100603884 /* Frameworks */,
				9DF81C8A204F490100603884 /* Resources */,
			);
			buildRules = (
			);
			dependencies = (
			);
			name = AddressBook;
			productName = AddressBook;
			productReference = 9DF81C8C204F490100603884 /* AddressBook.app */;
			productType = "com.apple.product-type.application";
		};
/* End PBXNativeTarget section */

/* Begin PBXProject section */
		9DF81C84204F490100603884 /* Project object */ = {
			isa = PBXProject;
			attributes = {
				LastSwiftUpdateCheck = 0920;
				LastUpgradeCheck = 0920;
				ORGANIZATIONNAME = DevMountain;
				TargetAttributes = {
					9DF81C8B204F490100603884 = {
						CreatedOnToolsVersion = 9.2;
						ProvisioningStyle = Automatic;
					};
				};
			};
			buildConfigurationList = 9DF81C87204F490100603884 /* Build configuration list for PBXProject "AddressBook" */;
			compatibilityVersion = "Xcode 8.0";
			developmentRegion = en;
			hasScannedForEncodings = 0;
			knownRegions = (
				en,
				Base,
			);
			mainGroup = 9DF81C83204F490100603884;
			productRefGroup = 9DF81C8D204F490100603884 /* Products */;
			projectDirPath = "";
			projectRoot = "";
			targets = (
				9DF81C8B204F490100603884 /* AddressBook */,
			);
		};
/* End PBXProject section */

/* Begin PBXResourcesBuildPhase section */
		9DF81C8A204F490100603884 /* Resources */ = {
			isa = PBXResourcesBuildPhase;
			buildActionMask = 2147483647;
			files = (
				9DF81C9A204F490100603884 /* LaunchScreen.storyboard in Resources */,
				9DF81C97204F490100603884 /* Assets.xcassets in Resources */,
				9DF81C95204F490100603884 /* Main.storyboard in Resources */,
			);
			runOnlyForDeploymentPostprocessing = 0;
		};
/* End PBXResourcesBuildPhase section */

/* Begin PBXSourcesBuildPhase section */
		9DF81C88204F490100603884 /* Sources */ = {
			isa = PBXSourcesBuildPhase;
			buildActionMask = 2147483647;
			files = (
				9DF81CA5204F4A9100603884 /* ContactsTableViewController.swift in Sources */,
				9DF81CB1204F56E700603884 /* Contact+Extras.swift in Sources */,
				9DF81CAC204F55F000603884 /* ContactDetailViewController.swift in Sources */,
				9DF81CAA204F4C0100603884 /* AddressBook.xcdatamodeld in Sources */,
				9DF81CA7204F4B0C00603884 /* ContactsController.swift in Sources */,
				9DF81C90204F490100603884 /* AppDelegate.swift in Sources */,
			);
			runOnlyForDeploymentPostprocessing = 0;
		};
/* End PBXSourcesBuildPhase section */

/* Begin PBXVariantGroup section */
		9DF81C93204F490100603884 /* Main.storyboard */ = {
			isa = PBXVariantGroup;
			children = (
				9DF81C94204F490100603884 /* Base */,
			);
			name = Main.storyboard;
			sourceTree = "<group>";
		};
		9DF81C98204F490100603884 /* LaunchScreen.storyboard */ = {
			isa = PBXVariantGroup;
			children = (
				9DF81C99204F490100603884 /* Base */,
			);
			name = LaunchScreen.storyboard;
			sourceTree = "<group>";
		};
/* End PBXVariantGroup section */

/* Begin XCBuildConfiguration section */
		9DF81C9C204F490100603884 /* Debug */ = {
			isa = XCBuildConfiguration;
			buildSettings = {
				ALWAYS_SEARCH_USER_PATHS = NO;
				CLANG_ANALYZER_NONNULL = YES;
				CLANG_ANALYZER_NUMBER_OBJECT_CONVERSION = YES_AGGRESSIVE;
				CLANG_CXX_LANGUAGE_STANDARD = "gnu++14";
				CLANG_CXX_LIBRARY = "libc++";
				CLANG_ENABLE_MODULES = YES;
				CLANG_ENABLE_OBJC_ARC = YES;
				CLANG_WARN_BLOCK_CAPTURE_AUTORELEASING = YES;
				CLANG_WARN_BOOL_CONVERSION = YES;
				CLANG_WARN_COMMA = YES;
				CLANG_WARN_CONSTANT_CONVERSION = YES;
				CLANG_WARN_DIRECT_OBJC_ISA_USAGE = YES_ERROR;
				CLANG_WARN_DOCUMENTATION_COMMENTS = YES;
				CLANG_WARN_EMPTY_BODY = YES;
				CLANG_WARN_ENUM_CONVERSION = YES;
				CLANG_WARN_INFINITE_RECURSION = YES;
				CLANG_WARN_INT_CONVERSION = YES;
				CLANG_WARN_NON_LITERAL_NULL_CONVERSION = YES;
				CLANG_WARN_OBJC_LITERAL_CONVERSION = YES;
				CLANG_WARN_OBJC_ROOT_CLASS = YES_ERROR;
				CLANG_WARN_RANGE_LOOP_ANALYSIS = YES;
				CLANG_WARN_STRICT_PROTOTYPES = YES;
				CLANG_WARN_SUSPICIOUS_MOVE = YES;
				CLANG_WARN_UNGUARDED_AVAILABILITY = YES_AGGRESSIVE;
				CLANG_WARN_UNREACHABLE_CODE = YES;
				CLANG_WARN__DUPLICATE_METHOD_MATCH = YES;
				CODE_SIGN_IDENTITY = "iPhone Developer";
				COPY_PHASE_STRIP = NO;
				DEBUG_INFORMATION_FORMAT = dwarf;
				ENABLE_STRICT_OBJC_MSGSEND = YES;
				ENABLE_TESTABILITY = YES;
				GCC_C_LANGUAGE_STANDARD = gnu11;
				GCC_DYNAMIC_NO_PIC = NO;
				GCC_NO_COMMON_BLOCKS = YES;
				GCC_OPTIMIZATION_LEVEL = 0;
				GCC_PREPROCESSOR_DEFINITIONS = (
					"DEBUG=1",
					"$(inherited)",
				);
				GCC_WARN_64_TO_32_BIT_CONVERSION = YES;
				GCC_WARN_ABOUT_RETURN_TYPE = YES_ERROR;
				GCC_WARN_UNDECLARED_SELECTOR = YES;
				GCC_WARN_UNINITIALIZED_AUTOS = YES_AGGRESSIVE;
				GCC_WARN_UNUSED_FUNCTION = YES;
				GCC_WARN_UNUSED_VARIABLE = YES;
				IPHONEOS_DEPLOYMENT_TARGET = 11.2;
				MTL_ENABLE_DEBUG_INFO = YES;
				ONLY_ACTIVE_ARCH = YES;
				SDKROOT = iphoneos;
				SWIFT_ACTIVE_COMPILATION_CONDITIONS = DEBUG;
				SWIFT_OPTIMIZATION_LEVEL = "-Onone";
			};
			name = Debug;
		};
		9DF81C9D204F490100603884 /* Release */ = {
			isa = XCBuildConfiguration;
			buildSettings = {
				ALWAYS_SEARCH_USER_PATHS = NO;
				CLANG_ANALYZER_NONNULL = YES;
				CLANG_ANALYZER_NUMBER_OBJECT_CONVERSION = YES_AGGRESSIVE;
				CLANG_CXX_LANGUAGE_STANDARD = "gnu++14";
				CLANG_CXX_LIBRARY = "libc++";
				CLANG_ENABLE_MODULES = YES;
				CLANG_ENABLE_OBJC_ARC = YES;
				CLANG_WARN_BLOCK_CAPTURE_AUTORELEASING = YES;
				CLANG_WARN_BOOL_CONVERSION = YES;
				CLANG_WARN_COMMA = YES;
				CLANG_WARN_CONSTANT_CONVERSION = YES;
				CLANG_WARN_DIRECT_OBJC_ISA_USAGE = YES_ERROR;
				CLANG_WARN_DOCUMENTATION_COMMENTS = YES;
				CLANG_WARN_EMPTY_BODY = YES;
				CLANG_WARN_ENUM_CONVERSION = YES;
				CLANG_WARN_INFINITE_RECURSION = YES;
				CLANG_WARN_INT_CONVERSION = YES;
				CLANG_WARN_NON_LITERAL_NULL_CONVERSION = YES;
				CLANG_WARN_OBJC_LITERAL_CONVERSION = YES;
				CLANG_WARN_OBJC_ROOT_CLASS = YES_ERROR;
				CLANG_WARN_RANGE_LOOP_ANALYSIS = YES;
				CLANG_WARN_STRICT_PROTOTYPES = YES;
				CLANG_WARN_SUSPICIOUS_MOVE = YES;
				CLANG_WARN_UNGUARDED_AVAILABILITY = YES_AGGRESSIVE;
				CLANG_WARN_UNREACHABLE_CODE = YES;
				CLANG_WARN__DUPLICATE_METHOD_MATCH = YES;
				CODE_SIGN_IDENTITY = "iPhone Developer";
				COPY_PHASE_STRIP = NO;
				DEBUG_INFORMATION_FORMAT = "dwarf-with-dsym";
				ENABLE_NS_ASSERTIONS = NO;
				ENABLE_STRICT_OBJC_MSGSEND = YES;
				GCC_C_LANGUAGE_STANDARD = gnu11;
				GCC_NO_COMMON_BLOCKS = YES;
				GCC_WARN_64_TO_32_BIT_CONVERSION = YES;
				GCC_WARN_ABOUT_RETURN_TYPE = YES_ERROR;
				GCC_WARN_UNDECLARED_SELECTOR = YES;
				GCC_WARN_UNINITIALIZED_AUTOS = YES_AGGRESSIVE;
				GCC_WARN_UNUSED_FUNCTION = YES;
				GCC_WARN_UNUSED_VARIABLE = YES;
				IPHONEOS_DEPLOYMENT_TARGET = 11.2;
				MTL_ENABLE_DEBUG_INFO = NO;
				SDKROOT = iphoneos;
				SWIFT_OPTIMIZATION_LEVEL = "-Owholemodule";
				VALIDATE_PRODUCT = YES;
			};
			name = Release;
		};
		9DF81C9F204F490100603884 /* Debug */ = {
			isa = XCBuildConfiguration;
			buildSettings = {
				ASSETCATALOG_COMPILER_APPICON_NAME = AppIcon;
				CODE_SIGN_STYLE = Automatic;
				DEVELOPMENT_TEAM = 357NQPN89X;
				INFOPLIST_FILE = "$(SRCROOT)/Resources/Info.plist";
				LD_RUNPATH_SEARCH_PATHS = "$(inherited) @executable_path/Frameworks";
				PRODUCT_BUNDLE_IDENTIFIER = com.DevMountain.AddressBook;
				PRODUCT_NAME = "$(TARGET_NAME)";
				SWIFT_VERSION = 4.0;
				TARGETED_DEVICE_FAMILY = "1,2";
			};
			name = Debug;
		};
		9DF81CA0204F490100603884 /* Release */ = {
			isa = XCBuildConfiguration;
			buildSettings = {
				ASSETCATALOG_COMPILER_APPICON_NAME = AppIcon;
				CODE_SIGN_STYLE = Automatic;
				DEVELOPMENT_TEAM = 357NQPN89X;
				INFOPLIST_FILE = "$(SRCROOT)/Resources/Info.plist";
				LD_RUNPATH_SEARCH_PATHS = "$(inherited) @executable_path/Frameworks";
				PRODUCT_BUNDLE_IDENTIFIER = com.DevMountain.AddressBook;
				PRODUCT_NAME = "$(TARGET_NAME)";
				SWIFT_VERSION = 4.0;
				TARGETED_DEVICE_FAMILY = "1,2";
			};
			name = Release;
		};
/* End XCBuildConfiguration section */

/* Begin XCConfigurationList section */
		9DF81C87204F490100603884 /* Build configuration list for PBXProject "AddressBook" */ = {
			isa = XCConfigurationList;
			buildConfigurations = (
				9DF81C9C204F490100603884 /* Debug */,
				9DF81C9D204F490100603884 /* Release */,
			);
			defaultConfigurationIsVisible = 0;
			defaultConfigurationName = Release;
		};
		9DF81C9E204F490100603884 /* Build configuration list for PBXNativeTarget "AddressBook" */ = {
			isa = XCConfigurationList;
			buildConfigurations = (
				9DF81C9F204F490100603884 /* Debug */,
				9DF81CA0204F490100603884 /* Release */,
			);
			defaultConfigurationIsVisible = 0;
			defaultConfigurationName = Release;
		};
/* End XCConfigurationList section */

/* Begin XCVersionGroup section */
		9DF81CA8204F4C0100603884 /* AddressBook.xcdatamodeld */ = {
			isa = XCVersionGroup;
			children = (
				9DF81CA9204F4C0100603884 /* AddressBook.xcdatamodel */,
			);
			currentVersion = 9DF81CA9204F4C0100603884 /* AddressBook.xcdatamodel */;
			path = AddressBook.xcdatamodeld;
			sourceTree = "<group>";
			versionGroupType = wrapper.xcdatamodel;
		};
/* End XCVersionGroup section */
	};
	rootObject = 9DF81C84204F490100603884 /* Project object */;
}
