// !$*UTF8*$!
{
	archiveVersion = 1;
	classes = {
	};
	objectVersion = 46;
	objects = {

/* Begin PBXBuildFile section */
		1A4A22E71CC9324D003A4350 /* main.m in Sources */ = {isa = PBXBuildFile; fileRef = 1A4A22E61CC9324D003A4350 /* main.m */; };
		1A4A22EA1CC9324D003A4350 /* AppDelegate.m in Sources */ = {isa = PBXBuildFile; fileRef = 1A4A22E91CC9324D003A4350 /* AppDelegate.m */; };
		1A4A22F01CC9324D003A4350 /* Main.storyboard in Resources */ = {isa = PBXBuildFile; fileRef = 1A4A22EE1CC9324D003A4350 /* Main.storyboard */; };
		1A4A22F21CC9324D003A4350 /* Assets.xcassets in Resources */ = {isa = PBXBuildFile; fileRef = 1A4A22F11CC9324D003A4350 /* Assets.xcassets */; };
		1A4A22F51CC9324D003A4350 /* LaunchScreen.storyboard in Resources */ = {isa = PBXBuildFile; fileRef = 1A4A22F31CC9324D003A4350 /* LaunchScreen.storyboard */; };
		1A4A22FE1CC9330C003A4350 /* DMNPlaylistDetailViewController.m in Sources */ = {isa = PBXBuildFile; fileRef = 1A4A22FD1CC9330C003A4350 /* DMNPlaylistDetailViewController.m */; };
		1A4A23011CC93318003A4350 /* DMNListViewController.m in Sources */ = {isa = PBXBuildFile; fileRef = 1A4A23001CC93318003A4350 /* DMNListViewController.m */; };
		9D3B37BF1D6FA05000187CA9 /* DMNPlaylist.m in Sources */ = {isa = PBXBuildFile; fileRef = 9D3B37BA1D6FA05000187CA9 /* DMNPlaylist.m */; };
		9D3B37C01D6FA05000187CA9 /* DMNPlaylistController.m in Sources */ = {isa = PBXBuildFile; fileRef = 9D3B37BC1D6FA05000187CA9 /* DMNPlaylistController.m */; };
		9D3B37C11D6FA05000187CA9 /* DMNSong.m in Sources */ = {isa = PBXBuildFile; fileRef = 9D3B37BE1D6FA05000187CA9 /* DMNSong.m */; };
/* End PBXBuildFile section */

/* Begin PBXFileReference section */
		1A4A22E21CC9324D003A4350 /* PlaylistObjC.app */ = {isa = PBXFileReference; explicitFileType = wrapper.application; includeInIndex = 0; path = PlaylistObjC.app; sourceTree = BUILT_PRODUCTS_DIR; };
		1A4A22E61CC9324D003A4350 /* main.m */ = {isa = PBXFileReference; lastKnownFileType = sourcecode.c.objc; path = main.m; sourceTree = "<group>"; };
		1A4A22E81CC9324D003A4350 /* AppDelegate.h */ = {isa = PBXFileReference; lastKnownFileType = sourcecode.c.h; path = AppDelegate.h; sourceTree = "<group>"; };
		1A4A22E91CC9324D003A4350 /* AppDelegate.m */ = {isa = PBXFileReference; lastKnownFileType = sourcecode.c.objc; path = AppDelegate.m; sourceTree = "<group>"; };
		1A4A22EF1CC9324D003A4350 /* Base */ = {isa = PBXFileReference; lastKnownFileType = file.storyboard; name = Base; path = Base.lproj/Main.storyboard; sourceTree = "<group>"; };
		1A4A22F11CC9324D003A4350 /* Assets.xcassets */ = {isa = PBXFileReference; lastKnownFileType = folder.assetcatalog; path = Assets.xcassets; sourceTree = "<group>"; };
		1A4A22F41CC9324D003A4350 /* Base */ = {isa = PBXFileReference; lastKnownFileType = file.storyboard; name = Base; path = Base.lproj/LaunchScreen.storyboard; sourceTree = "<group>"; };
		1A4A22F61CC9324D003A4350 /* Info.plist */ = {isa = PBXFileReference; lastKnownFileType = text.plist.xml; path = Info.plist; sourceTree = "<group>"; };
		1A4A22FC1CC9330C003A4350 /* DMNPlaylistDetailViewController.h */ = {isa = PBXFileReference; fileEncoding = 4; lastKnownFileType = sourcecode.c.h; path = DMNPlaylistDetailViewController.h; sourceTree = "<group>"; };
		1A4A22FD1CC9330C003A4350 /* DMNPlaylistDetailViewController.m */ = {isa = PBXFileReference; fileEncoding = 4; lastKnownFileType = sourcecode.c.objc; path = DMNPlaylistDetailViewController.m; sourceTree = "<group>"; };
		1A4A22FF1CC93317003A4350 /* DMNListViewController.h */ = {isa = PBXFileReference; fileEncoding = 4; lastKnownFileType = sourcecode.c.h; path = DMNListViewController.h; sourceTree = "<group>"; };
		1A4A23001CC93318003A4350 /* DMNListViewController.m */ = {isa = PBXFileReference; fileEncoding = 4; lastKnownFileType = sourcecode.c.objc; path = DMNListViewController.m; sourceTree = "<group>"; };
		9D3B37B91D6FA05000187CA9 /* DMNPlaylist.h */ = {isa = PBXFileReference; fileEncoding = 4; lastKnownFileType = sourcecode.c.h; path = DMNPlaylist.h; sourceTree = "<group>"; };
		9D3B37BA1D6FA05000187CA9 /* DMNPlaylist.m */ = {isa = PBXFileReference; fileEncoding = 4; lastKnownFileType = sourcecode.c.objc; path = DMNPlaylist.m; sourceTree = "<group>"; };
		9D3B37BB1D6FA05000187CA9 /* DMNPlaylistController.h */ = {isa = PBXFileReference; fileEncoding = 4; lastKnownFileType = sourcecode.c.h; path = DMNPlaylistController.h; sourceTree = "<group>"; };
		9D3B37BC1D6FA05000187CA9 /* DMNPlaylistController.m */ = {isa = PBXFileReference; fileEncoding = 4; lastKnownFileType = sourcecode.c.objc; path = DMNPlaylistController.m; sourceTree = "<group>"; };
		9D3B37BD1D6FA05000187CA9 /* DMNSong.h */ = {isa = PBXFileReference; fileEncoding = 4; lastKnownFileType = sourcecode.c.h; path = DMNSong.h; sourceTree = "<group>"; };
		9D3B37BE1D6FA05000187CA9 /* DMNSong.m */ = {isa = PBXFileReference; fileEncoding = 4; lastKnownFileType = sourcecode.c.objc; path = DMNSong.m; sourceTree = "<group>"; };
/* End PBXFileReference section */

/* Begin PBXFrameworksBuildPhase section */
		1A4A22DF1CC9324D003A4350 /* Frameworks */ = {
			isa = PBXFrameworksBuildPhase;
			buildActionMask = 2147483647;
			files = (
			);
			runOnlyForDeploymentPostprocessing = 0;
		};
/* End PBXFrameworksBuildPhase section */

/* Begin PBXGroup section */
		1A4A22D91CC9324D003A4350 = {
			isa = PBXGroup;
			children = (
				1A4A22E41CC9324D003A4350 /* PlaylistObjC */,
				9DDAD7DA1D6CB99900C2AEE8 /* Resources */,
				1A4A22E31CC9324D003A4350 /* Products */,
			);
			sourceTree = "<group>";
		};
		1A4A22E31CC9324D003A4350 /* Products */ = {
			isa = PBXGroup;
			children = (
				1A4A22E21CC9324D003A4350 /* PlaylistObjC.app */,
			);
			name = Products;
			sourceTree = "<group>";
		};
		1A4A22E41CC9324D003A4350 /* PlaylistObjC */ = {
			isa = PBXGroup;
			children = (
				1A4A22E81CC9324D003A4350 /* AppDelegate.h */,
				1A4A22E91CC9324D003A4350 /* AppDelegate.m */,
				9D3B37C21D6FA05400187CA9 /* Model */,
				9D3B37C31D6FA05C00187CA9 /* Model Controllers */,
				1A4A230D1CC9410D003A4350 /* View Controllers */,
				1A4A22E51CC9324D003A4350 /* Supporting Files */,
			);
			path = PlaylistObjC;
			sourceTree = "<group>";
		};
		1A4A22E51CC9324D003A4350 /* Supporting Files */ = {
			isa = PBXGroup;
			children = (
				1A4A22E61CC9324D003A4350 /* main.m */,
			);
			name = "Supporting Files";
			sourceTree = "<group>";
		};
		1A4A230D1CC9410D003A4350 /* View Controllers */ = {
			isa = PBXGroup;
			children = (
				1A4A22FF1CC93317003A4350 /* DMNListViewController.h */,
				1A4A23001CC93318003A4350 /* DMNListViewController.m */,
				1A4A22FC1CC9330C003A4350 /* DMNPlaylistDetailViewController.h */,
				1A4A22FD1CC9330C003A4350 /* DMNPlaylistDetailViewController.m */,
			);
			name = "View Controllers";
			sourceTree = "<group>";
		};
		9D3B37C21D6FA05400187CA9 /* Model */ = {
			isa = PBXGroup;
			children = (
				9D3B37B91D6FA05000187CA9 /* DMNPlaylist.h */,
				9D3B37BA1D6FA05000187CA9 /* DMNPlaylist.m */,
				9D3B37BD1D6FA05000187CA9 /* DMNSong.h */,
				9D3B37BE1D6FA05000187CA9 /* DMNSong.m */,
			);
			name = Model;
			sourceTree = "<group>";
		};
		9D3B37C31D6FA05C00187CA9 /* Model Controllers */ = {
			isa = PBXGroup;
			children = (
				9D3B37BB1D6FA05000187CA9 /* DMNPlaylistController.h */,
				9D3B37BC1D6FA05000187CA9 /* DMNPlaylistController.m */,
			);
			name = "Model Controllers";
			sourceTree = "<group>";
		};
		9DDAD7DA1D6CB99900C2AEE8 /* Resources */ = {
			isa = PBXGroup;
			children = (
				1A4A22EE1CC9324D003A4350 /* Main.storyboard */,
				1A4A22F11CC9324D003A4350 /* Assets.xcassets */,
				1A4A22F31CC9324D003A4350 /* LaunchScreen.storyboard */,
				1A4A22F61CC9324D003A4350 /* Info.plist */,
			);
			name = Resources;
			path = PlaylistObjC;
			sourceTree = "<group>";
		};
/* End PBXGroup section */

/* Begin PBXNativeTarget section */
		1A4A22E11CC9324D003A4350 /* PlaylistObjC */ = {
			isa = PBXNativeTarget;
			buildConfigurationList = 1A4A22F91CC9324D003A4350 /* Build configuration list for PBXNativeTarget "PlaylistObjC" */;
			buildPhases = (
				1A4A22DE1CC9324D003A4350 /* Sources */,
				1A4A22DF1CC9324D003A4350 /* Frameworks */,
				1A4A22E01CC9324D003A4350 /* Resources */,
			);
			buildRules = (
			);
			dependencies = (
			);
			name = PlaylistObjC;
			productName = PlaylistObjC;
			productReference = 1A4A22E21CC9324D003A4350 /* PlaylistObjC.app */;
			productType = "com.apple.product-type.application";
		};
/* End PBXNativeTarget section */

/* Begin PBXProject section */
		1A4A22DA1CC9324D003A4350 /* Project object */ = {
			isa = PBXProject;
			attributes = {
				CLASSPREFIX = DMN;
				LastUpgradeCheck = 0730;
				ORGANIZATIONNAME = DevMountain;
				TargetAttributes = {
					1A4A22E11CC9324D003A4350 = {
						CreatedOnToolsVersion = 7.3;
					};
				};
			};
			buildConfigurationList = 1A4A22DD1CC9324D003A4350 /* Build configuration list for PBXProject "PlaylistObjC" */;
			compatibilityVersion = "Xcode 3.2";
			developmentRegion = English;
			hasScannedForEncodings = 0;
			knownRegions = (
				en,
				Base,
			);
			mainGroup = 1A4A22D91CC9324D003A4350;
			productRefGroup = 1A4A22E31CC9324D003A4350 /* Products */;
			projectDirPath = "";
			projectRoot = "";
			targets = (
				1A4A22E11CC9324D003A4350 /* PlaylistObjC */,
			);
		};
/* End PBXProject section */

/* Begin PBXResourcesBuildPhase section */
		1A4A22E01CC9324D003A4350 /* Resources */ = {
			isa = PBXResourcesBuildPhase;
			buildActionMask = 2147483647;
			files = (
				1A4A22F51CC9324D003A4350 /* LaunchScreen.storyboard in Resources */,
				1A4A22F21CC9324D003A4350 /* Assets.xcassets in Resources */,
				1A4A22F01CC9324D003A4350 /* Main.storyboard in Resources */,
			);
			runOnlyForDeploymentPostprocessing = 0;
		};
/* End PBXResourcesBuildPhase section */

/* Begin PBXSourcesBuildPhase section */
		1A4A22DE1CC9324D003A4350 /* Sources */ = {
			isa = PBXSourcesBuildPhase;
			buildActionMask = 2147483647;
			files = (
				9D3B37C11D6FA05000187CA9 /* DMNSong.m in Sources */,
				1A4A23011CC93318003A4350 /* DMNListViewController.m in Sources */,
				9D3B37C01D6FA05000187CA9 /* DMNPlaylistController.m in Sources */,
				1A4A22FE1CC9330C003A4350 /* DMNPlaylistDetailViewController.m in Sources */,
				1A4A22EA1CC9324D003A4350 /* AppDelegate.m in Sources */,
				1A4A22E71CC9324D003A4350 /* main.m in Sources */,
				9D3B37BF1D6FA05000187CA9 /* DMNPlaylist.m in Sources */,
			);
			runOnlyForDeploymentPostprocessing = 0;
		};
/* End PBXSourcesBuildPhase section */

/* Begin PBXVariantGroup section */
		1A4A22EE1CC9324D003A4350 /* Main.storyboard */ = {
			isa = PBXVariantGroup;
			children = (
				1A4A22EF1CC9324D003A4350 /* Base */,
			);
			name = Main.storyboard;
			sourceTree = "<group>";
		};
		1A4A22F31CC9324D003A4350 /* LaunchScreen.storyboard */ = {
			isa = PBXVariantGroup;
			children = (
				1A4A22F41CC9324D003A4350 /* Base */,
			);
			name = LaunchScreen.storyboard;
			sourceTree = "<group>";
		};
/* End PBXVariantGroup section */

/* Begin XCBuildConfiguration section */
		1A4A22F71CC9324D003A4350 /* Debug */ = {
			isa = XCBuildConfiguration;
			buildSettings = {
				ALWAYS_SEARCH_USER_PATHS = NO;
				CLANG_ANALYZER_NONNULL = YES;
				CLANG_CXX_LANGUAGE_STANDARD = "gnu++0x";
				CLANG_CXX_LIBRARY = "libc++";
				CLANG_ENABLE_MODULES = YES;
				CLANG_ENABLE_OBJC_ARC = YES;
				CLANG_WARN_BOOL_CONVERSION = YES;
				CLANG_WARN_CONSTANT_CONVERSION = YES;
				CLANG_WARN_DIRECT_OBJC_ISA_USAGE = YES_ERROR;
				CLANG_WARN_EMPTY_BODY = YES;
				CLANG_WARN_ENUM_CONVERSION = YES;
				CLANG_WARN_INT_CONVERSION = YES;
				CLANG_WARN_OBJC_ROOT_CLASS = YES_ERROR;
				CLANG_WARN_UNREACHABLE_CODE = YES;
				CLANG_WARN__DUPLICATE_METHOD_MATCH = YES;
				"CODE_SIGN_IDENTITY[sdk=iphoneos*]" = "iPhone Developer";
				COPY_PHASE_STRIP = NO;
				DEBUG_INFORMATION_FORMAT = dwarf;
				ENABLE_STRICT_OBJC_MSGSEND = YES;
				ENABLE_TESTABILITY = YES;
				GCC_C_LANGUAGE_STANDARD = gnu99;
				GCC_DYNAMIC_NO_PIC = NO;
				GCC_NO_COMMON_BLOCKS = YES;
				GCC_OPTIMIZATION_LEVEL = 0;
				GCC_PREPROCESSOR_DEFINITIONS = (
					"DEBUG=1",
					"$(inherited)",
				);
				GCC_WARN_64_TO_32_BIT_CONVERSION = YES;
				GCC_WARN_ABOUT_RETURN_TYPE = YES_ERROR;
				GCC_WARN_UNDECLARED_SELECTOR = YES;
				GCC_WARN_UNINITIALIZED_AUTOS = YES_AGGRESSIVE;
				GCC_WARN_UNUSED_FUNCTION = YES;
				GCC_WARN_UNUSED_VARIABLE = YES;
				IPHONEOS_DEPLOYMENT_TARGET = 9.3;
				MTL_ENABLE_DEBUG_INFO = YES;
				ONLY_ACTIVE_ARCH = YES;
				SDKROOT = iphoneos;
			};
			name = Debug;
		};
		1A4A22F81CC9324D003A4350 /* Release */ = {
			isa = XCBuildConfiguration;
			buildSettings = {
				ALWAYS_SEARCH_USER_PATHS = NO;
				CLANG_ANALYZER_NONNULL = YES;
				CLANG_CXX_LANGUAGE_STANDARD = "gnu++0x";
				CLANG_CXX_LIBRARY = "libc++";
				CLANG_ENABLE_MODULES = YES;
				CLANG_ENABLE_OBJC_ARC = YES;
				CLANG_WARN_BOOL_CONVERSION = YES;
				CLANG_WARN_CONSTANT_CONVERSION = YES;
				CLANG_WARN_DIRECT_OBJC_ISA_USAGE = YES_ERROR;
				CLANG_WARN_EMPTY_BODY = YES;
				CLANG_WARN_ENUM_CONVERSION = YES;
				CLANG_WARN_INT_CONVERSION = YES;
				CLANG_WARN_OBJC_ROOT_CLASS = YES_ERROR;
				CLANG_WARN_UNREACHABLE_CODE = YES;
				CLANG_WARN__DUPLICATE_METHOD_MATCH = YES;
				"CODE_SIGN_IDENTITY[sdk=iphoneos*]" = "iPhone Developer";
				COPY_PHASE_STRIP = NO;
				DEBUG_INFORMATION_FORMAT = "dwarf-with-dsym";
				ENABLE_NS_ASSERTIONS = NO;
				ENABLE_STRICT_OBJC_MSGSEND = YES;
				GCC_C_LANGUAGE_STANDARD = gnu99;
				GCC_NO_COMMON_BLOCKS = YES;
				GCC_WARN_64_TO_32_BIT_CONVERSION = YES;
				GCC_WARN_ABOUT_RETURN_TYPE = YES_ERROR;
				GCC_WARN_UNDECLARED_SELECTOR = YES;
				GCC_WARN_UNINITIALIZED_AUTOS = YES_AGGRESSIVE;
				GCC_WARN_UNUSED_FUNCTION = YES;
				GCC_WARN_UNUSED_VARIABLE = YES;
				IPHONEOS_DEPLOYMENT_TARGET = 9.3;
				MTL_ENABLE_DEBUG_INFO = NO;
				SDKROOT = iphoneos;
				VALIDATE_PRODUCT = YES;
			};
			name = Release;
		};
		1A4A22FA1CC9324D003A4350 /* Debug */ = {
			isa = XCBuildConfiguration;
			buildSettings = {
				ASSETCATALOG_COMPILER_APPICON_NAME = AppIcon;
				INFOPLIST_FILE = PlaylistObjC/Info.plist;
				LD_RUNPATH_SEARCH_PATHS = "$(inherited) @executable_path/Frameworks";
				PRODUCT_BUNDLE_IDENTIFIER = com.example.PlaylistObjC;
				PRODUCT_NAME = "$(TARGET_NAME)";
			};
			name = Debug;
		};
		1A4A22FB1CC9324D003A4350 /* Release */ = {
			isa = XCBuildConfiguration;
			buildSettings = {
				ASSETCATALOG_COMPILER_APPICON_NAME = AppIcon;
				INFOPLIST_FILE = PlaylistObjC/Info.plist;
				LD_RUNPATH_SEARCH_PATHS = "$(inherited) @executable_path/Frameworks";
				PRODUCT_BUNDLE_IDENTIFIER = com.example.PlaylistObjC;
				PRODUCT_NAME = "$(TARGET_NAME)";
			};
			name = Release;
		};
/* End XCBuildConfiguration section */

/* Begin XCConfigurationList section */
		1A4A22DD1CC9324D003A4350 /* Build configuration list for PBXProject "PlaylistObjC" */ = {
			isa = XCConfigurationList;
			buildConfigurations = (
				1A4A22F71CC9324D003A4350 /* Debug */,
				1A4A22F81CC9324D003A4350 /* Release */,
			);
			defaultConfigurationIsVisible = 0;
			defaultConfigurationName = Release;
		};
		1A4A22F91CC9324D003A4350 /* Build configuration list for PBXNativeTarget "PlaylistObjC" */ = {
			isa = XCConfigurationList;
			buildConfigurations = (
				1A4A22FA1CC9324D003A4350 /* Debug */,
				1A4A22FB1CC9324D003A4350 /* Release */,
			);
			defaultConfigurationIsVisible = 0;
			defaultConfigurationName = Release;
		};
/* End XCConfigurationList section */
	};
	rootObject = 1A4A22DA1CC9324D003A4350 /* Project object */;
}
