// !$*UTF8*$!
{
	archiveVersion = 1;
	classes = {
	};
	objectVersion = 48;
	objects = {

/* Begin PBXBuildFile section */
		464CB07B2018EEC500F20C27 /* AppDelegate.swift in Sources */ = {isa = PBXBuildFile; fileRef = 464CB07A2018EEC500F20C27 /* AppDelegate.swift */; };
		464CB0802018EEC500F20C27 /* Main.storyboard in Resources */ = {isa = PBXBuildFile; fileRef = 464CB07E2018EEC500F20C27 /* Main.storyboard */; };
		464CB0822018EEC500F20C27 /* Assets.xcassets in Resources */ = {isa = PBXBuildFile; fileRef = 464CB0812018EEC500F20C27 /* Assets.xcassets */; };
		464CB0852018EEC500F20C27 /* LaunchScreen.storyboard in Resources */ = {isa = PBXBuildFile; fileRef = 464CB0832018EEC500F20C27 /* LaunchScreen.storyboard */; };
		464CB08F2018EEE200F20C27 /* CloudKit.framework in Frameworks */ = {isa = PBXBuildFile; fileRef = 464CB08E2018EEE200F20C27 /* CloudKit.framework */; };
		464CB0912018EFFF00F20C27 /* MessageListTableViewController.swift in Sources */ = {isa = PBXBuildFile; fileRef = 464CB0902018EFFF00F20C27 /* MessageListTableViewController.swift */; };
		464CB0952018F06100F20C27 /* Message.swift in Sources */ = {isa = PBXBuildFile; fileRef = 464CB0942018F06100F20C27 /* Message.swift */; };
		464CB0982018F24800F20C27 /* MessageController.swift in Sources */ = {isa = PBXBuildFile; fileRef = 464CB0972018F24800F20C27 /* MessageController.swift */; };
		464CB09A2018F2A100F20C27 /* CloudKitManager.swift in Sources */ = {isa = PBXBuildFile; fileRef = 464CB0992018F2A100F20C27 /* CloudKitManager.swift */; };
		46663F92201FE91C00786F31 /* MessageSearchTableViewController.swift in Sources */ = {isa = PBXBuildFile; fileRef = 46663F91201FE91C00786F31 /* MessageSearchTableViewController.swift */; };
/* End PBXBuildFile section */

/* Begin PBXFileReference section */
		464CB0772018EEC500F20C27 /* BulletinBoard.app */ = {isa = PBXFileReference; explicitFileType = wrapper.application; includeInIndex = 0; path = BulletinBoard.app; sourceTree = BUILT_PRODUCTS_DIR; };
		464CB07A2018EEC500F20C27 /* AppDelegate.swift */ = {isa = PBXFileReference; lastKnownFileType = sourcecode.swift; path = AppDelegate.swift; sourceTree = "<group>"; };
		464CB07F2018EEC500F20C27 /* Base */ = {isa = PBXFileReference; lastKnownFileType = file.storyboard; name = Base; path = Base.lproj/Main.storyboard; sourceTree = "<group>"; };
		464CB0812018EEC500F20C27 /* Assets.xcassets */ = {isa = PBXFileReference; lastKnownFileType = folder.assetcatalog; path = Assets.xcassets; sourceTree = "<group>"; };
		464CB0842018EEC500F20C27 /* Base */ = {isa = PBXFileReference; lastKnownFileType = file.storyboard; name = Base; path = Base.lproj/LaunchScreen.storyboard; sourceTree = "<group>"; };
		464CB0862018EEC500F20C27 /* Info.plist */ = {isa = PBXFileReference; lastKnownFileType = text.plist.xml; path = Info.plist; sourceTree = "<group>"; };
		464CB08C2018EEDC00F20C27 /* BulletinBoard.entitlements */ = {isa = PBXFileReference; lastKnownFileType = text.plist.entitlements; path = BulletinBoard.entitlements; sourceTree = "<group>"; };
		464CB08E2018EEE200F20C27 /* CloudKit.framework */ = {isa = PBXFileReference; lastKnownFileType = wrapper.framework; name = CloudKit.framework; path = System/Library/Frameworks/CloudKit.framework; sourceTree = SDKROOT; };
		464CB0902018EFFF00F20C27 /* MessageListTableViewController.swift */ = {isa = PBXFileReference; lastKnownFileType = sourcecode.swift; path = MessageListTableViewController.swift; sourceTree = "<group>"; };
		464CB0942018F06100F20C27 /* Message.swift */ = {isa = PBXFileReference; lastKnownFileType = sourcecode.swift; path = Message.swift; sourceTree = "<group>"; };
		464CB0972018F24800F20C27 /* MessageController.swift */ = {isa = PBXFileReference; lastKnownFileType = sourcecode.swift; path = MessageController.swift; sourceTree = "<group>"; };
		464CB0992018F2A100F20C27 /* CloudKitManager.swift */ = {isa = PBXFileReference; lastKnownFileType = sourcecode.swift; path = CloudKitManager.swift; sourceTree = "<group>"; };
		46663F91201FE91C00786F31 /* MessageSearchTableViewController.swift */ = {isa = PBXFileReference; lastKnownFileType = sourcecode.swift; path = MessageSearchTableViewController.swift; sourceTree = "<group>"; };
/* End PBXFileReference section */

/* Begin PBXFrameworksBuildPhase section */
		464CB0742018EEC500F20C27 /* Frameworks */ = {
			isa = PBXFrameworksBuildPhase;
			buildActionMask = 2147483647;
			files = (
				464CB08F2018EEE200F20C27 /* CloudKit.framework in Frameworks */,
			);
			runOnlyForDeploymentPostprocessing = 0;
		};
/* End PBXFrameworksBuildPhase section */

/* Begin PBXGroup section */
		464CB06E2018EEC500F20C27 = {
			isa = PBXGroup;
			children = (
				464CB0792018EEC500F20C27 /* BulletinBoard */,
				464CB0782018EEC500F20C27 /* Products */,
				464CB08D2018EEE200F20C27 /* Frameworks */,
			);
			sourceTree = "<group>";
		};
		464CB0782018EEC500F20C27 /* Products */ = {
			isa = PBXGroup;
			children = (
				464CB0772018EEC500F20C27 /* BulletinBoard.app */,
			);
			name = Products;
			sourceTree = "<group>";
		};
		464CB0792018EEC500F20C27 /* BulletinBoard */ = {
			isa = PBXGroup;
			children = (
				464CB08C2018EEDC00F20C27 /* BulletinBoard.entitlements */,
				464CB0962018F06400F20C27 /* Models */,
				464CB0922018F00300F20C27 /* View Controllers */,
				464CB09B2018F53200F20C27 /* Model Controllers */,
				464CB09C2018F53B00F20C27 /* Helpers */,
				464CB0932018F01500F20C27 /* Resources */,
				464CB07E2018EEC500F20C27 /* Main.storyboard */,
			);
			path = BulletinBoard;
			sourceTree = "<group>";
		};
		464CB08D2018EEE200F20C27 /* Frameworks */ = {
			isa = PBXGroup;
			children = (
				464CB08E2018EEE200F20C27 /* CloudKit.framework */,
			);
			name = Frameworks;
			sourceTree = "<group>";
		};
		464CB0922018F00300F20C27 /* View Controllers */ = {
			isa = PBXGroup;
			children = (
				46663F91201FE91C00786F31 /* MessageSearchTableViewController.swift */,
				464CB0902018EFFF00F20C27 /* MessageListTableViewController.swift */,
			);
			path = "View Controllers";
			sourceTree = "<group>";
		};
		464CB0932018F01500F20C27 /* Resources */ = {
			isa = PBXGroup;
			children = (
				464CB07A2018EEC500F20C27 /* AppDelegate.swift */,
				464CB0812018EEC500F20C27 /* Assets.xcassets */,
				464CB0832018EEC500F20C27 /* LaunchScreen.storyboard */,
				464CB0862018EEC500F20C27 /* Info.plist */,
			);
			path = Resources;
			sourceTree = "<group>";
		};
		464CB0962018F06400F20C27 /* Models */ = {
			isa = PBXGroup;
			children = (
				464CB0942018F06100F20C27 /* Message.swift */,
			);
			path = Models;
			sourceTree = "<group>";
		};
		464CB09B2018F53200F20C27 /* Model Controllers */ = {
			isa = PBXGroup;
			children = (
				464CB0972018F24800F20C27 /* MessageController.swift */,
			);
			path = "Model Controllers";
			sourceTree = "<group>";
		};
		464CB09C2018F53B00F20C27 /* Helpers */ = {
			isa = PBXGroup;
			children = (
				464CB0992018F2A100F20C27 /* CloudKitManager.swift */,
			);
			path = Helpers;
			sourceTree = "<group>";
		};
/* End PBXGroup section */

/* Begin PBXNativeTarget section */
		464CB0762018EEC500F20C27 /* BulletinBoard */ = {
			isa = PBXNativeTarget;
			buildConfigurationList = 464CB0892018EEC500F20C27 /* Build configuration list for PBXNativeTarget "BulletinBoard" */;
			buildPhases = (
				464CB0732018EEC500F20C27 /* Sources */,
				464CB0742018EEC500F20C27 /* Frameworks */,
				464CB0752018EEC500F20C27 /* Resources */,
			);
			buildRules = (
			);
			dependencies = (
			);
			name = BulletinBoard;
			productName = BulletinBoard;
			productReference = 464CB0772018EEC500F20C27 /* BulletinBoard.app */;
			productType = "com.apple.product-type.application";
		};
/* End PBXNativeTarget section */

/* Begin PBXProject section */
		464CB06F2018EEC500F20C27 /* Project object */ = {
			isa = PBXProject;
			attributes = {
				LastSwiftUpdateCheck = 0920;
				LastUpgradeCheck = 0920;
				ORGANIZATIONNAME = "Spencer Curtis";
				TargetAttributes = {
					464CB0762018EEC500F20C27 = {
						CreatedOnToolsVersion = 9.2;
						ProvisioningStyle = Automatic;
						SystemCapabilities = {
							com.apple.Push = {
								enabled = 1;
							};
							com.apple.iCloud = {
								enabled = 1;
							};
						};
					};
				};
			};
			buildConfigurationList = 464CB0722018EEC500F20C27 /* Build configuration list for PBXProject "BulletinBoard" */;
			compatibilityVersion = "Xcode 8.0";
			developmentRegion = en;
			hasScannedForEncodings = 0;
			knownRegions = (
				en,
				Base,
			);
			mainGroup = 464CB06E2018EEC500F20C27;
			productRefGroup = 464CB0782018EEC500F20C27 /* Products */;
			projectDirPath = "";
			projectRoot = "";
			targets = (
				464CB0762018EEC500F20C27 /* BulletinBoard */,
			);
		};
/* End PBXProject section */

/* Begin PBXResourcesBuildPhase section */
		464CB0752018EEC500F20C27 /* Resources */ = {
			isa = PBXResourcesBuildPhase;
			buildActionMask = 2147483647;
			files = (
				464CB0852018EEC500F20C27 /* LaunchScreen.storyboard in Resources */,
				464CB0822018EEC500F20C27 /* Assets.xcassets in Resources */,
				464CB0802018EEC500F20C27 /* Main.storyboard in Resources */,
			);
			runOnlyForDeploymentPostprocessing = 0;
		};
/* End PBXResourcesBuildPhase section */

/* Begin PBXSourcesBuildPhase section */
		464CB0732018EEC500F20C27 /* Sources */ = {
			isa = PBXSourcesBuildPhase;
			buildActionMask = 2147483647;
			files = (
				464CB0952018F06100F20C27 /* Message.swift in Sources */,
				464CB07B2018EEC500F20C27 /* AppDelegate.swift in Sources */,
				464CB0912018EFFF00F20C27 /* MessageListTableViewController.swift in Sources */,
				46663F92201FE91C00786F31 /* MessageSearchTableViewController.swift in Sources */,
				464CB0982018F24800F20C27 /* MessageController.swift in Sources */,
				464CB09A2018F2A100F20C27 /* CloudKitManager.swift in Sources */,
			);
			runOnlyForDeploymentPostprocessing = 0;
		};
/* End PBXSourcesBuildPhase section */

/* Begin PBXVariantGroup section */
		464CB07E2018EEC500F20C27 /* Main.storyboard */ = {
			isa = PBXVariantGroup;
			children = (
				464CB07F2018EEC500F20C27 /* Base */,
			);
			name = Main.storyboard;
			sourceTree = "<group>";
		};
		464CB0832018EEC500F20C27 /* LaunchScreen.storyboard */ = {
			isa = PBXVariantGroup;
			children = (
				464CB0842018EEC500F20C27 /* Base */,
			);
			name = LaunchScreen.storyboard;
			sourceTree = "<group>";
		};
/* End PBXVariantGroup section */

/* Begin XCBuildConfiguration section */
		464CB0872018EEC500F20C27 /* Debug */ = {
			isa = XCBuildConfiguration;
			buildSettings = {
				ALWAYS_SEARCH_USER_PATHS = NO;
				CLANG_ANALYZER_NONNULL = YES;
				CLANG_ANALYZER_NUMBER_OBJECT_CONVERSION = YES_AGGRESSIVE;
				CLANG_CXX_LANGUAGE_STANDARD = "gnu++14";
				CLANG_CXX_LIBRARY = "libc++";
				CLANG_ENABLE_MODULES = YES;
				CLANG_ENABLE_OBJC_ARC = YES;
				CLANG_WARN_BLOCK_CAPTURE_AUTORELEASING = YES;
				CLANG_WARN_BOOL_CONVERSION = YES;
				CLANG_WARN_COMMA = YES;
				CLANG_WARN_CONSTANT_CONVERSION = YES;
				CLANG_WARN_DIRECT_OBJC_ISA_USAGE = YES_ERROR;
				CLANG_WARN_DOCUMENTATION_COMMENTS = YES;
				CLANG_WARN_EMPTY_BODY = YES;
				CLANG_WARN_ENUM_CONVERSION = YES;
				CLANG_WARN_INFINITE_RECURSION = YES;
				CLANG_WARN_INT_CONVERSION = YES;
				CLANG_WARN_NON_LITERAL_NULL_CONVERSION = YES;
				CLANG_WARN_OBJC_LITERAL_CONVERSION = YES;
				CLANG_WARN_OBJC_ROOT_CLASS = YES_ERROR;
				CLANG_WARN_RANGE_LOOP_ANALYSIS = YES;
				CLANG_WARN_STRICT_PROTOTYPES = YES;
				CLANG_WARN_SUSPICIOUS_MOVE = YES;
				CLANG_WARN_UNGUARDED_AVAILABILITY = YES_AGGRESSIVE;
				CLANG_WARN_UNREACHABLE_CODE = YES;
				CLANG_WARN__DUPLICATE_METHOD_MATCH = YES;
				CODE_SIGN_IDENTITY = "iPhone Developer";
				COPY_PHASE_STRIP = NO;
				DEBUG_INFORMATION_FORMAT = dwarf;
				ENABLE_STRICT_OBJC_MSGSEND = YES;
				ENABLE_TESTABILITY = YES;
				GCC_C_LANGUAGE_STANDARD = gnu11;
				GCC_DYNAMIC_NO_PIC = NO;
				GCC_NO_COMMON_BLOCKS = YES;
				GCC_OPTIMIZATION_LEVEL = 0;
				GCC_PREPROCESSOR_DEFINITIONS = (
					"DEBUG=1",
					"$(inherited)",
				);
				GCC_WARN_64_TO_32_BIT_CONVERSION = YES;
				GCC_WARN_ABOUT_RETURN_TYPE = YES_ERROR;
				GCC_WARN_UNDECLARED_SELECTOR = YES;
				GCC_WARN_UNINITIALIZED_AUTOS = YES_AGGRESSIVE;
				GCC_WARN_UNUSED_FUNCTION = YES;
				GCC_WARN_UNUSED_VARIABLE = YES;
				IPHONEOS_DEPLOYMENT_TARGET = 11.2;
				MTL_ENABLE_DEBUG_INFO = YES;
				ONLY_ACTIVE_ARCH = YES;
				SDKROOT = iphoneos;
				SWIFT_ACTIVE_COMPILATION_CONDITIONS = DEBUG;
				SWIFT_OPTIMIZATION_LEVEL = "-Onone";
			};
			name = Debug;
		};
		464CB0882018EEC500F20C27 /* Release */ = {
			isa = XCBuildConfiguration;
			buildSettings = {
				ALWAYS_SEARCH_USER_PATHS = NO;
				CLANG_ANALYZER_NONNULL = YES;
				CLANG_ANALYZER_NUMBER_OBJECT_CONVERSION = YES_AGGRESSIVE;
				CLANG_CXX_LANGUAGE_STANDARD = "gnu++14";
				CLANG_CXX_LIBRARY = "libc++";
				CLANG_ENABLE_MODULES = YES;
				CLANG_ENABLE_OBJC_ARC = YES;
				CLANG_WARN_BLOCK_CAPTURE_AUTORELEASING = YES;
				CLANG_WARN_BOOL_CONVERSION = YES;
				CLANG_WARN_COMMA = YES;
				CLANG_WARN_CONSTANT_CONVERSION = YES;
				CLANG_WARN_DIRECT_OBJC_ISA_USAGE = YES_ERROR;
				CLANG_WARN_DOCUMENTATION_COMMENTS = YES;
				CLANG_WARN_EMPTY_BODY = YES;
				CLANG_WARN_ENUM_CONVERSION = YES;
				CLANG_WARN_INFINITE_RECURSION = YES;
				CLANG_WARN_INT_CONVERSION = YES;
				CLANG_WARN_NON_LITERAL_NULL_CONVERSION = YES;
				CLANG_WARN_OBJC_LITERAL_CONVERSION = YES;
				CLANG_WARN_OBJC_ROOT_CLASS = YES_ERROR;
				CLANG_WARN_RANGE_LOOP_ANALYSIS = YES;
				CLANG_WARN_STRICT_PROTOTYPES = YES;
				CLANG_WARN_SUSPICIOUS_MOVE = YES;
				CLANG_WARN_UNGUARDED_AVAILABILITY = YES_AGGRESSIVE;
				CLANG_WARN_UNREACHABLE_CODE = YES;
				CLANG_WARN__DUPLICATE_METHOD_MATCH = YES;
				CODE_SIGN_IDENTITY = "iPhone Developer";
				COPY_PHASE_STRIP = NO;
				DEBUG_INFORMATION_FORMAT = "dwarf-with-dsym";
				ENABLE_NS_ASSERTIONS = NO;
				ENABLE_STRICT_OBJC_MSGSEND = YES;
				GCC_C_LANGUAGE_STANDARD = gnu11;
				GCC_NO_COMMON_BLOCKS = YES;
				GCC_WARN_64_TO_32_BIT_CONVERSION = YES;
				GCC_WARN_ABOUT_RETURN_TYPE = YES_ERROR;
				GCC_WARN_UNDECLARED_SELECTOR = YES;
				GCC_WARN_UNINITIALIZED_AUTOS = YES_AGGRESSIVE;
				GCC_WARN_UNUSED_FUNCTION = YES;
				GCC_WARN_UNUSED_VARIABLE = YES;
				IPHONEOS_DEPLOYMENT_TARGET = 11.2;
				MTL_ENABLE_DEBUG_INFO = NO;
				SDKROOT = iphoneos;
				SWIFT_OPTIMIZATION_LEVEL = "-Owholemodule";
				VALIDATE_PRODUCT = YES;
			};
			name = Release;
		};
		464CB08A2018EEC500F20C27 /* Debug */ = {
			isa = XCBuildConfiguration;
			buildSettings = {
				ASSETCATALOG_COMPILER_APPICON_NAME = AppIcon;
				CODE_SIGN_ENTITLEMENTS = BulletinBoard/BulletinBoard.entitlements;
				CODE_SIGN_STYLE = Automatic;
				DEVELOPMENT_TEAM = W4BT774F98;
				INFOPLIST_FILE = "$(SRCROOT)/BulletinBoard/Resources/Info.plist";
				LD_RUNPATH_SEARCH_PATHS = "$(inherited) @executable_path/Frameworks";
				PRODUCT_BUNDLE_IDENTIFIER = com.SpencerCurtis.BulletinBoard;
				PRODUCT_NAME = "$(TARGET_NAME)";
				SWIFT_VERSION = 4.0;
				TARGETED_DEVICE_FAMILY = "1,2";
			};
			name = Debug;
		};
		464CB08B2018EEC500F20C27 /* Release */ = {
			isa = XCBuildConfiguration;
			buildSettings = {
				ASSETCATALOG_COMPILER_APPICON_NAME = AppIcon;
				CODE_SIGN_ENTITLEMENTS = BulletinBoard/BulletinBoard.entitlements;
				CODE_SIGN_STYLE = Automatic;
				DEVELOPMENT_TEAM = W4BT774F98;
				INFOPLIST_FILE = "$(SRCROOT)/BulletinBoard/Resources/Info.plist";
				LD_RUNPATH_SEARCH_PATHS = "$(inherited) @executable_path/Frameworks";
				PRODUCT_BUNDLE_IDENTIFIER = com.SpencerCurtis.BulletinBoard;
				PRODUCT_NAME = "$(TARGET_NAME)";
				SWIFT_VERSION = 4.0;
				TARGETED_DEVICE_FAMILY = "1,2";
			};
			name = Release;
		};
/* End XCBuildConfiguration section */

/* Begin XCConfigurationList section */
		464CB0722018EEC500F20C27 /* Build configuration list for PBXProject "BulletinBoard" */ = {
			isa = XCConfigurationList;
			buildConfigurations = (
				464CB0872018EEC500F20C27 /* Debug */,
				464CB0882018EEC500F20C27 /* Release */,
			);
			defaultConfigurationIsVisible = 0;
			defaultConfigurationName = Release;
		};
		464CB0892018EEC500F20C27 /* Build configuration list for PBXNativeTarget "BulletinBoard" */ = {
			isa = XCConfigurationList;
			buildConfigurations = (
				464CB08A2018EEC500F20C27 /* Debug */,
				464CB08B2018EEC500F20C27 /* Release */,
			);
			defaultConfigurationIsVisible = 0;
			defaultConfigurationName = Release;
		};
/* End XCConfigurationList section */
	};
	rootObject = 464CB06F2018EEC500F20C27 /* Project object */;
}
