// !$*UTF8*$!
{
	archiveVersion = 1;
	classes = {
	};
	objectVersion = 46;
	objects = {

/* Begin PBXBuildFile section */
		9D81D7301D15A94600412253 /* CloudKit.framework in Frameworks */ = {isa = PBXBuildFile; fileRef = 9D81D72F1D15A94600412253 /* CloudKit.framework */; };
		9DFE1B5E1D15F40100F80375 /* AppDelegate.swift in Sources */ = {isa = PBXBuildFile; fileRef = 9DFE1B5C1D15F40100F80375 /* AppDelegate.swift */; };
		9DFE1B5F1D15F40100F80375 /* MessagesListViewController.swift in Sources */ = {isa = PBXBuildFile; fileRef = 9DFE1B5D1D15F40100F80375 /* MessagesListViewController.swift */; };
		9DFE1B681D15F40600F80375 /* Assets.xcassets in Resources */ = {isa = PBXBuildFile; fileRef = 9DFE1B611D15F40600F80375 /* Assets.xcassets */; };
		9DFE1B691D15F40600F80375 /* LaunchScreen.storyboard in Resources */ = {isa = PBXBuildFile; fileRef = 9DFE1B621D15F40600F80375 /* LaunchScreen.storyboard */; };
		9DFE1B6A1D15F40600F80375 /* Main.storyboard in Resources */ = {isa = PBXBuildFile; fileRef = 9DFE1B641D15F40600F80375 /* Main.storyboard */; };
		9DFE1B6B1D15F40600F80375 /* BulletinBoard.entitlements in Resources */ = {isa = PBXBuildFile; fileRef = 9DFE1B661D15F40600F80375 /* BulletinBoard.entitlements */; };
		9DFE1B7E1D1A365900F80375 /* Message.swift in Sources */ = {isa = PBXBuildFile; fileRef = 9DFE1B7B1D1A365900F80375 /* Message.swift */; };
		9DFE1B7F1D1A365900F80375 /* Message+CloudKit.swift in Sources */ = {isa = PBXBuildFile; fileRef = 9DFE1B7C1D1A365900F80375 /* Message+CloudKit.swift */; };
		9DFE1B801D1A365900F80375 /* MessagesController.swift in Sources */ = {isa = PBXBuildFile; fileRef = 9DFE1B7D1D1A365900F80375 /* MessagesController.swift */; };
		9DFE1B821D1A37CF00F80375 /* CloudKitManager.swift in Sources */ = {isa = PBXBuildFile; fileRef = 9DFE1B811D1A37CF00F80375 /* CloudKitManager.swift */; };
/* End PBXBuildFile section */

/* Begin PBXCopyFilesBuildPhase section */
		9DFE1B791D15F5A500F80375 /* Embed Frameworks */ = {
			isa = PBXCopyFilesBuildPhase;
			buildActionMask = 2147483647;
			dstPath = "";
			dstSubfolderSpec = 10;
			files = (
			);
			name = "Embed Frameworks";
			runOnlyForDeploymentPostprocessing = 0;
		};
/* End PBXCopyFilesBuildPhase section */

/* Begin PBXFileReference section */
		9D81D7191D15A72E00412253 /* BulletinBoard.app */ = {isa = PBXFileReference; explicitFileType = wrapper.application; includeInIndex = 0; path = BulletinBoard.app; sourceTree = BUILT_PRODUCTS_DIR; };
		9D81D72F1D15A94600412253 /* CloudKit.framework */ = {isa = PBXFileReference; lastKnownFileType = wrapper.framework; name = CloudKit.framework; path = System/Library/Frameworks/CloudKit.framework; sourceTree = SDKROOT; };
		9DFE1B5C1D15F40100F80375 /* AppDelegate.swift */ = {isa = PBXFileReference; fileEncoding = 4; lastKnownFileType = sourcecode.swift; path = AppDelegate.swift; sourceTree = "<group>"; };
		9DFE1B5D1D15F40100F80375 /* MessagesListViewController.swift */ = {isa = PBXFileReference; fileEncoding = 4; lastKnownFileType = sourcecode.swift; path = MessagesListViewController.swift; sourceTree = "<group>"; };
		9DFE1B611D15F40600F80375 /* Assets.xcassets */ = {isa = PBXFileReference; lastKnownFileType = folder.assetcatalog; path = Assets.xcassets; sourceTree = "<group>"; };
		9DFE1B631D15F40600F80375 /* Base */ = {isa = PBXFileReference; lastKnownFileType = file.storyboard; name = Base; path = Base.lproj/LaunchScreen.storyboard; sourceTree = "<group>"; };
		9DFE1B651D15F40600F80375 /* Base */ = {isa = PBXFileReference; lastKnownFileType = file.storyboard; name = Base; path = Base.lproj/Main.storyboard; sourceTree = "<group>"; };
		9DFE1B661D15F40600F80375 /* BulletinBoard.entitlements */ = {isa = PBXFileReference; fileEncoding = 4; lastKnownFileType = text.xml; path = BulletinBoard.entitlements; sourceTree = "<group>"; };
		9DFE1B671D15F40600F80375 /* Info.plist */ = {isa = PBXFileReference; fileEncoding = 4; lastKnownFileType = text.plist.xml; path = Info.plist; sourceTree = "<group>"; };
		9DFE1B7B1D1A365900F80375 /* Message.swift */ = {isa = PBXFileReference; fileEncoding = 4; lastKnownFileType = sourcecode.swift; path = Message.swift; sourceTree = "<group>"; };
		9DFE1B7C1D1A365900F80375 /* Message+CloudKit.swift */ = {isa = PBXFileReference; fileEncoding = 4; lastKnownFileType = sourcecode.swift; path = "Message+CloudKit.swift"; sourceTree = "<group>"; };
		9DFE1B7D1D1A365900F80375 /* MessagesController.swift */ = {isa = PBXFileReference; fileEncoding = 4; lastKnownFileType = sourcecode.swift; path = MessagesController.swift; sourceTree = "<group>"; };
		9DFE1B811D1A37CF00F80375 /* CloudKitManager.swift */ = {isa = PBXFileReference; fileEncoding = 4; lastKnownFileType = sourcecode.swift; path = CloudKitManager.swift; sourceTree = "<group>"; };
/* End PBXFileReference section */

/* Begin PBXFrameworksBuildPhase section */
		9D81D7161D15A72E00412253 /* Frameworks */ = {
			isa = PBXFrameworksBuildPhase;
			buildActionMask = 2147483647;
			files = (
				9D81D7301D15A94600412253 /* CloudKit.framework in Frameworks */,
			);
			runOnlyForDeploymentPostprocessing = 0;
		};
/* End PBXFrameworksBuildPhase section */

/* Begin PBXGroup section */
		9D81D7101D15A72E00412253 = {
			isa = PBXGroup;
			children = (
				9DFE1B5B1D15F40100F80375 /* Sources */,
				9DFE1B601D15F40600F80375 /* Resources */,
				9DFE1B5A1D15F3F600F80375 /* Frameworks */,
				9D81D71A1D15A72E00412253 /* Products */,
			);
			sourceTree = "<group>";
		};
		9D81D71A1D15A72E00412253 /* Products */ = {
			isa = PBXGroup;
			children = (
				9D81D7191D15A72E00412253 /* BulletinBoard.app */,
			);
			name = Products;
			sourceTree = "<group>";
		};
		9DFE1B5A1D15F3F600F80375 /* Frameworks */ = {
			isa = PBXGroup;
			children = (
				9D81D72F1D15A94600412253 /* CloudKit.framework */,
			);
			name = Frameworks;
			sourceTree = "<group>";
		};
		9DFE1B5B1D15F40100F80375 /* Sources */ = {
			isa = PBXGroup;
			children = (
				9DFE1B5C1D15F40100F80375 /* AppDelegate.swift */,
				9DFE1B5D1D15F40100F80375 /* MessagesListViewController.swift */,
				9DFE1B7D1D1A365900F80375 /* MessagesController.swift */,
				9DFE1B7B1D1A365900F80375 /* Message.swift */,
				9DFE1B811D1A37CF00F80375 /* CloudKitManager.swift */,
				9DFE1B7C1D1A365900F80375 /* Message+CloudKit.swift */,
			);
			path = Sources;
			sourceTree = "<group>";
		};
		9DFE1B601D15F40600F80375 /* Resources */ = {
			isa = PBXGroup;
			children = (
				9DFE1B611D15F40600F80375 /* Assets.xcassets */,
				9DFE1B621D15F40600F80375 /* LaunchScreen.storyboard */,
				9DFE1B641D15F40600F80375 /* Main.storyboard */,
				9DFE1B661D15F40600F80375 /* BulletinBoard.entitlements */,
				9DFE1B671D15F40600F80375 /* Info.plist */,
			);
			path = Resources;
			sourceTree = "<group>";
		};
/* End PBXGroup section */

/* Begin PBXNativeTarget section */
		9D81D7181D15A72E00412253 /* BulletinBoard */ = {
			isa = PBXNativeTarget;
			buildConfigurationList = 9D81D72B1D15A72E00412253 /* Build configuration list for PBXNativeTarget "BulletinBoard" */;
			buildPhases = (
				9D81D7151D15A72E00412253 /* Sources */,
				9D81D7161D15A72E00412253 /* Frameworks */,
				9D81D7171D15A72E00412253 /* Resources */,
				9DFE1B791D15F5A500F80375 /* Embed Frameworks */,
			);
			buildRules = (
			);
			dependencies = (
			);
			name = BulletinBoard;
			productName = BulletinBoard;
			productReference = 9D81D7191D15A72E00412253 /* BulletinBoard.app */;
			productType = "com.apple.product-type.application";
		};
/* End PBXNativeTarget section */

/* Begin PBXProject section */
		9D81D7111D15A72E00412253 /* Project object */ = {
			isa = PBXProject;
			attributes = {
				LastSwiftUpdateCheck = 0730;
				LastUpgradeCheck = 0730;
				ORGANIZATIONNAME = "Open Reel Software";
				TargetAttributes = {
					9D81D7181D15A72E00412253 = {
						CreatedOnToolsVersion = 7.3.1;
						DevelopmentTeam = 2CX7W99FJ9;
						SystemCapabilities = {
							com.apple.iCloud = {
								enabled = 1;
							};
						};
					};
				};
			};
			buildConfigurationList = 9D81D7141D15A72E00412253 /* Build configuration list for PBXProject "BulletinBoard" */;
			compatibilityVersion = "Xcode 3.2";
			developmentRegion = English;
			hasScannedForEncodings = 0;
			knownRegions = (
				en,
				Base,
			);
			mainGroup = 9D81D7101D15A72E00412253;
			productRefGroup = 9D81D71A1D15A72E00412253 /* Products */;
			projectDirPath = "";
			projectRoot = "";
			targets = (
				9D81D7181D15A72E00412253 /* BulletinBoard */,
			);
		};
/* End PBXProject section */

/* Begin PBXResourcesBuildPhase section */
		9D81D7171D15A72E00412253 /* Resources */ = {
			isa = PBXResourcesBuildPhase;
			buildActionMask = 2147483647;
			files = (
				9DFE1B6A1D15F40600F80375 /* Main.storyboard in Resources */,
				9DFE1B681D15F40600F80375 /* Assets.xcassets in Resources */,
				9DFE1B691D15F40600F80375 /* LaunchScreen.storyboard in Resources */,
				9DFE1B6B1D15F40600F80375 /* BulletinBoard.entitlements in Resources */,
			);
			runOnlyForDeploymentPostprocessing = 0;
		};
/* End PBXResourcesBuildPhase section */

/* Begin PBXSourcesBuildPhase section */
		9D81D7151D15A72E00412253 /* Sources */ = {
			isa = PBXSourcesBuildPhase;
			buildActionMask = 2147483647;
			files = (
				9DFE1B801D1A365900F80375 /* MessagesController.swift in Sources */,
				9DFE1B7F1D1A365900F80375 /* Message+CloudKit.swift in Sources */,
				9DFE1B821D1A37CF00F80375 /* CloudKitManager.swift in Sources */,
				9DFE1B7E1D1A365900F80375 /* Message.swift in Sources */,
				9DFE1B5F1D15F40100F80375 /* MessagesListViewController.swift in Sources */,
				9DFE1B5E1D15F40100F80375 /* AppDelegate.swift in Sources */,
			);
			runOnlyForDeploymentPostprocessing = 0;
		};
/* End PBXSourcesBuildPhase section */

/* Begin PBXVariantGroup section */
		9DFE1B621D15F40600F80375 /* LaunchScreen.storyboard */ = {
			isa = PBXVariantGroup;
			children = (
				9DFE1B631D15F40600F80375 /* Base */,
			);
			name = LaunchScreen.storyboard;
			sourceTree = "<group>";
		};
		9DFE1B641D15F40600F80375 /* Main.storyboard */ = {
			isa = PBXVariantGroup;
			children = (
				9DFE1B651D15F40600F80375 /* Base */,
			);
			name = Main.storyboard;
			sourceTree = "<group>";
		};
/* End PBXVariantGroup section */

/* Begin XCBuildConfiguration section */
		9D81D7291D15A72E00412253 /* Debug */ = {
			isa = XCBuildConfiguration;
			buildSettings = {
				ALWAYS_SEARCH_USER_PATHS = NO;
				CLANG_ANALYZER_NONNULL = YES;
				CLANG_CXX_LANGUAGE_STANDARD = "gnu++0x";
				CLANG_CXX_LIBRARY = "libc++";
				CLANG_ENABLE_MODULES = YES;
				CLANG_ENABLE_OBJC_ARC = YES;
				CLANG_WARN_BOOL_CONVERSION = YES;
				CLANG_WARN_CONSTANT_CONVERSION = YES;
				CLANG_WARN_DIRECT_OBJC_ISA_USAGE = YES_ERROR;
				CLANG_WARN_EMPTY_BODY = YES;
				CLANG_WARN_ENUM_CONVERSION = YES;
				CLANG_WARN_INT_CONVERSION = YES;
				CLANG_WARN_OBJC_ROOT_CLASS = YES_ERROR;
				CLANG_WARN_UNREACHABLE_CODE = YES;
				CLANG_WARN__DUPLICATE_METHOD_MATCH = YES;
				"CODE_SIGN_IDENTITY[sdk=iphoneos*]" = "iPhone Developer";
				COPY_PHASE_STRIP = NO;
				DEBUG_INFORMATION_FORMAT = dwarf;
				ENABLE_STRICT_OBJC_MSGSEND = YES;
				ENABLE_TESTABILITY = YES;
				GCC_C_LANGUAGE_STANDARD = gnu99;
				GCC_DYNAMIC_NO_PIC = NO;
				GCC_NO_COMMON_BLOCKS = YES;
				GCC_OPTIMIZATION_LEVEL = 0;
				GCC_PREPROCESSOR_DEFINITIONS = (
					"DEBUG=1",
					"$(inherited)",
				);
				GCC_WARN_64_TO_32_BIT_CONVERSION = YES;
				GCC_WARN_ABOUT_RETURN_TYPE = YES_ERROR;
				GCC_WARN_UNDECLARED_SELECTOR = YES;
				GCC_WARN_UNINITIALIZED_AUTOS = YES_AGGRESSIVE;
				GCC_WARN_UNUSED_FUNCTION = YES;
				GCC_WARN_UNUSED_VARIABLE = YES;
				IPHONEOS_DEPLOYMENT_TARGET = 9.3;
				MTL_ENABLE_DEBUG_INFO = YES;
				ONLY_ACTIVE_ARCH = YES;
				SDKROOT = iphoneos;
				SWIFT_OPTIMIZATION_LEVEL = "-Onone";
				TARGETED_DEVICE_FAMILY = "1,2";
			};
			name = Debug;
		};
		9D81D72A1D15A72E00412253 /* Release */ = {
			isa = XCBuildConfiguration;
			buildSettings = {
				ALWAYS_SEARCH_USER_PATHS = NO;
				CLANG_ANALYZER_NONNULL = YES;
				CLANG_CXX_LANGUAGE_STANDARD = "gnu++0x";
				CLANG_CXX_LIBRARY = "libc++";
				CLANG_ENABLE_MODULES = YES;
				CLANG_ENABLE_OBJC_ARC = YES;
				CLANG_WARN_BOOL_CONVERSION = YES;
				CLANG_WARN_CONSTANT_CONVERSION = YES;
				CLANG_WARN_DIRECT_OBJC_ISA_USAGE = YES_ERROR;
				CLANG_WARN_EMPTY_BODY = YES;
				CLANG_WARN_ENUM_CONVERSION = YES;
				CLANG_WARN_INT_CONVERSION = YES;
				CLANG_WARN_OBJC_ROOT_CLASS = YES_ERROR;
				CLANG_WARN_UNREACHABLE_CODE = YES;
				CLANG_WARN__DUPLICATE_METHOD_MATCH = YES;
				"CODE_SIGN_IDENTITY[sdk=iphoneos*]" = "iPhone Developer";
				COPY_PHASE_STRIP = NO;
				DEBUG_INFORMATION_FORMAT = "dwarf-with-dsym";
				ENABLE_NS_ASSERTIONS = NO;
				ENABLE_STRICT_OBJC_MSGSEND = YES;
				GCC_C_LANGUAGE_STANDARD = gnu99;
				GCC_NO_COMMON_BLOCKS = YES;
				GCC_WARN_64_TO_32_BIT_CONVERSION = YES;
				GCC_WARN_ABOUT_RETURN_TYPE = YES_ERROR;
				GCC_WARN_UNDECLARED_SELECTOR = YES;
				GCC_WARN_UNINITIALIZED_AUTOS = YES_AGGRESSIVE;
				GCC_WARN_UNUSED_FUNCTION = YES;
				GCC_WARN_UNUSED_VARIABLE = YES;
				IPHONEOS_DEPLOYMENT_TARGET = 9.3;
				MTL_ENABLE_DEBUG_INFO = NO;
				SDKROOT = iphoneos;
				TARGETED_DEVICE_FAMILY = "1,2";
				VALIDATE_PRODUCT = YES;
			};
			name = Release;
		};
		9D81D72C1D15A72E00412253 /* Debug */ = {
			isa = XCBuildConfiguration;
			buildSettings = {
				ASSETCATALOG_COMPILER_APPICON_NAME = AppIcon;
				CODE_SIGN_ENTITLEMENTS = Resources/BulletinBoard.entitlements;
				CODE_SIGN_IDENTITY = "iPhone Developer";
				"CODE_SIGN_IDENTITY[sdk=iphoneos*]" = "iPhone Developer";
				EMBEDDED_CONTENT_CONTAINS_SWIFT = YES;
				INFOPLIST_FILE = "$(SRCROOT)/Resources/Info.plist";
				LD_RUNPATH_SEARCH_PATHS = "$(inherited) @executable_path/Frameworks";
				PRODUCT_BUNDLE_IDENTIFIER = "com.openreelsoftware.BulletinBoard-iOS";
				PRODUCT_NAME = "$(TARGET_NAME)";
				PROVISIONING_PROFILE = "";
			};
			name = Debug;
		};
		9D81D72D1D15A72E00412253 /* Release */ = {
			isa = XCBuildConfiguration;
			buildSettings = {
				ASSETCATALOG_COMPILER_APPICON_NAME = AppIcon;
				CODE_SIGN_ENTITLEMENTS = Resources/BulletinBoard.entitlements;
				CODE_SIGN_IDENTITY = "iPhone Developer";
				"CODE_SIGN_IDENTITY[sdk=iphoneos*]" = "iPhone Developer";
				EMBEDDED_CONTENT_CONTAINS_SWIFT = YES;
				INFOPLIST_FILE = "$(SRCROOT)/Resources/Info.plist";
				LD_RUNPATH_SEARCH_PATHS = "$(inherited) @executable_path/Frameworks";
				PRODUCT_BUNDLE_IDENTIFIER = "com.openreelsoftware.BulletinBoard-iOS";
				PRODUCT_NAME = "$(TARGET_NAME)";
				PROVISIONING_PROFILE = "";
			};
			name = Release;
		};
/* End XCBuildConfiguration section */

/* Begin XCConfigurationList section */
		9D81D7141D15A72E00412253 /* Build configuration list for PBXProject "BulletinBoard" */ = {
			isa = XCConfigurationList;
			buildConfigurations = (
				9D81D7291D15A72E00412253 /* Debug */,
				9D81D72A1D15A72E00412253 /* Release */,
			);
			defaultConfigurationIsVisible = 0;
			defaultConfigurationName = Release;
		};
		9D81D72B1D15A72E00412253 /* Build configuration list for PBXNativeTarget "BulletinBoard" */ = {
			isa = XCConfigurationList;
			buildConfigurations = (
				9D81D72C1D15A72E00412253 /* Debug */,
				9D81D72D1D15A72E00412253 /* Release */,
			);
			defaultConfigurationIsVisible = 0;
			defaultConfigurationName = Release;
		};
/* End XCConfigurationList section */
	};
	rootObject = 9D81D7111D15A72E00412253 /* Project object */;
}
