// !$*UTF8*$!
{
	archiveVersion = 1;
	classes = {
	};
	objectVersion = 46;
	objects = {

/* Begin PBXBuildFile section */
		1AFCF5841CD93C91006D2F3D /* WeekTableViewController.swift in Sources */ = {isa = PBXBuildFile; fileRef = 1AFCF5831CD93C91006D2F3D /* WeekTableViewController.swift */; };
		23C9C66A1BCAE567007949D2 /* AppDelegate.swift in Sources */ = {isa = PBXBuildFile; fileRef = 23C9C6691BCAE567007949D2 /* AppDelegate.swift */; };
		23C9C66F1BCAE567007949D2 /* Main.storyboard in Resources */ = {isa = PBXBuildFile; fileRef = 23C9C66D1BCAE567007949D2 /* Main.storyboard */; };
		23C9C6721BCAE567007949D2 /* TableViewMiniLesson.xcdatamodeld in Sources */ = {isa = PBXBuildFile; fileRef = 23C9C6701BCAE567007949D2 /* TableViewMiniLesson.xcdatamodeld */; };
		23C9C6741BCAE567007949D2 /* Assets.xcassets in Resources */ = {isa = PBXBuildFile; fileRef = 23C9C6731BCAE567007949D2 /* Assets.xcassets */; };
		23C9C6771BCAE567007949D2 /* LaunchScreen.storyboard in Resources */ = {isa = PBXBuildFile; fileRef = 23C9C6751BCAE567007949D2 /* LaunchScreen.storyboard */; };
		23C9C69B1BCAEA59007949D2 /* DetailViewController.swift in Sources */ = {isa = PBXBuildFile; fileRef = 23C9C69A1BCAEA59007949D2 /* DetailViewController.swift */; };
/* End PBXBuildFile section */

/* Begin PBXFileReference section */
		1AFCF5831CD93C91006D2F3D /* WeekTableViewController.swift */ = {isa = PBXFileReference; fileEncoding = 4; lastKnownFileType = sourcecode.swift; path = WeekTableViewController.swift; sourceTree = "<group>"; };
		23C9C6661BCAE567007949D2 /* TableViewMiniLesson.app */ = {isa = PBXFileReference; explicitFileType = wrapper.application; includeInIndex = 0; path = TableViewMiniLesson.app; sourceTree = BUILT_PRODUCTS_DIR; };
		23C9C6691BCAE567007949D2 /* AppDelegate.swift */ = {isa = PBXFileReference; lastKnownFileType = sourcecode.swift; path = AppDelegate.swift; sourceTree = "<group>"; };
		23C9C66E1BCAE567007949D2 /* Base */ = {isa = PBXFileReference; lastKnownFileType = file.storyboard; name = Base; path = Base.lproj/Main.storyboard; sourceTree = "<group>"; };
		23C9C6711BCAE567007949D2 /* TableViewMiniLesson.xcdatamodel */ = {isa = PBXFileReference; lastKnownFileType = wrapper.xcdatamodel; path = TableViewMiniLesson.xcdatamodel; sourceTree = "<group>"; };
		23C9C6731BCAE567007949D2 /* Assets.xcassets */ = {isa = PBXFileReference; lastKnownFileType = folder.assetcatalog; path = Assets.xcassets; sourceTree = "<group>"; };
		23C9C6761BCAE567007949D2 /* Base */ = {isa = PBXFileReference; lastKnownFileType = file.storyboard; name = Base; path = Base.lproj/LaunchScreen.storyboard; sourceTree = "<group>"; };
		23C9C6781BCAE567007949D2 /* Info.plist */ = {isa = PBXFileReference; lastKnownFileType = text.plist.xml; path = Info.plist; sourceTree = "<group>"; };
		23C9C69A1BCAEA59007949D2 /* DetailViewController.swift */ = {isa = PBXFileReference; fileEncoding = 4; lastKnownFileType = sourcecode.swift; path = DetailViewController.swift; sourceTree = "<group>"; };
/* End PBXFileReference section */

/* Begin PBXFrameworksBuildPhase section */
		23C9C6631BCAE567007949D2 /* Frameworks */ = {
			isa = PBXFrameworksBuildPhase;
			buildActionMask = 2147483647;
			files = (
			);
			runOnlyForDeploymentPostprocessing = 0;
		};
/* End PBXFrameworksBuildPhase section */

/* Begin PBXGroup section */
		23C9C65D1BCAE567007949D2 = {
			isa = PBXGroup;
			children = (
				23C9C6681BCAE567007949D2 /* TableViewMiniLesson */,
				23C9C6671BCAE567007949D2 /* Products */,
			);
			sourceTree = "<group>";
		};
		23C9C6671BCAE567007949D2 /* Products */ = {
			isa = PBXGroup;
			children = (
				23C9C6661BCAE567007949D2 /* TableViewMiniLesson.app */,
			);
			name = Products;
			sourceTree = "<group>";
		};
		23C9C6681BCAE567007949D2 /* TableViewMiniLesson */ = {
			isa = PBXGroup;
			children = (
				23C9C6691BCAE567007949D2 /* AppDelegate.swift */,
				1AFCF5831CD93C91006D2F3D /* WeekTableViewController.swift */,
				23C9C69A1BCAEA59007949D2 /* DetailViewController.swift */,
				23C9C66D1BCAE567007949D2 /* Main.storyboard */,
				23C9C6731BCAE567007949D2 /* Assets.xcassets */,
				23C9C6751BCAE567007949D2 /* LaunchScreen.storyboard */,
				23C9C6781BCAE567007949D2 /* Info.plist */,
				23C9C6701BCAE567007949D2 /* TableViewMiniLesson.xcdatamodeld */,
			);
			path = TableViewMiniLesson;
			sourceTree = "<group>";
		};
/* End PBXGroup section */

/* Begin PBXNativeTarget section */
		23C9C6651BCAE567007949D2 /* TableViewMiniLesson */ = {
			isa = PBXNativeTarget;
			buildConfigurationList = 23C9C6911BCAE567007949D2 /* Build configuration list for PBXNativeTarget "TableViewMiniLesson" */;
			buildPhases = (
				23C9C6621BCAE567007949D2 /* Sources */,
				23C9C6631BCAE567007949D2 /* Frameworks */,
				23C9C6641BCAE567007949D2 /* Resources */,
			);
			buildRules = (
			);
			dependencies = (
			);
			name = TableViewMiniLesson;
			productName = TableViewMiniLesson;
			productReference = 23C9C6661BCAE567007949D2 /* TableViewMiniLesson.app */;
			productType = "com.apple.product-type.application";
		};
/* End PBXNativeTarget section */

/* Begin PBXProject section */
		23C9C65E1BCAE567007949D2 /* Project object */ = {
			isa = PBXProject;
			attributes = {
				LastUpgradeCheck = 0700;
				ORGANIZATIONNAME = "Jake Herrmann";
				TargetAttributes = {
					23C9C6651BCAE567007949D2 = {
						CreatedOnToolsVersion = 7.0;
					};
				};
			};
			buildConfigurationList = 23C9C6611BCAE567007949D2 /* Build configuration list for PBXProject "TableViewMiniLesson" */;
			compatibilityVersion = "Xcode 3.2";
			developmentRegion = English;
			hasScannedForEncodings = 0;
			knownRegions = (
				en,
				Base,
			);
			mainGroup = 23C9C65D1BCAE567007949D2;
			productRefGroup = 23C9C6671BCAE567007949D2 /* Products */;
			projectDirPath = "";
			projectRoot = "";
			targets = (
				23C9C6651BCAE567007949D2 /* TableViewMiniLesson */,
			);
		};
/* End PBXProject section */

/* Begin PBXResourcesBuildPhase section */
		23C9C6641BCAE567007949D2 /* Resources */ = {
			isa = PBXResourcesBuildPhase;
			buildActionMask = 2147483647;
			files = (
				23C9C6771BCAE567007949D2 /* LaunchScreen.storyboard in Resources */,
				23C9C6741BCAE567007949D2 /* Assets.xcassets in Resources */,
				23C9C66F1BCAE567007949D2 /* Main.storyboard in Resources */,
			);
			runOnlyForDeploymentPostprocessing = 0;
		};
/* End PBXResourcesBuildPhase section */

/* Begin PBXSourcesBuildPhase section */
		23C9C6621BCAE567007949D2 /* Sources */ = {
			isa = PBXSourcesBuildPhase;
			buildActionMask = 2147483647;
			files = (
				1AFCF5841CD93C91006D2F3D /* WeekTableViewController.swift in Sources */,
				23C9C6721BCAE567007949D2 /* TableViewMiniLesson.xcdatamodeld in Sources */,
				23C9C66A1BCAE567007949D2 /* AppDelegate.swift in Sources */,
				23C9C69B1BCAEA59007949D2 /* DetailViewController.swift in Sources */,
			);
			runOnlyForDeploymentPostprocessing = 0;
		};
/* End PBXSourcesBuildPhase section */

/* Begin PBXVariantGroup section */
		23C9C66D1BCAE567007949D2 /* Main.storyboard */ = {
			isa = PBXVariantGroup;
			children = (
				23C9C66E1BCAE567007949D2 /* Base */,
			);
			name = Main.storyboard;
			sourceTree = "<group>";
		};
		23C9C6751BCAE567007949D2 /* LaunchScreen.storyboard */ = {
			isa = PBXVariantGroup;
			children = (
				23C9C6761BCAE567007949D2 /* Base */,
			);
			name = LaunchScreen.storyboard;
			sourceTree = "<group>";
		};
/* End PBXVariantGroup section */

/* Begin XCBuildConfiguration section */
		23C9C68F1BCAE567007949D2 /* Debug */ = {
			isa = XCBuildConfiguration;
			buildSettings = {
				ALWAYS_SEARCH_USER_PATHS = NO;
				CLANG_CXX_LANGUAGE_STANDARD = "gnu++0x";
				CLANG_CXX_LIBRARY = "libc++";
				CLANG_ENABLE_MODULES = YES;
				CLANG_ENABLE_OBJC_ARC = YES;
				CLANG_WARN_BOOL_CONVERSION = YES;
				CLANG_WARN_CONSTANT_CONVERSION = YES;
				CLANG_WARN_DIRECT_OBJC_ISA_USAGE = YES_ERROR;
				CLANG_WARN_EMPTY_BODY = YES;
				CLANG_WARN_ENUM_CONVERSION = YES;
				CLANG_WARN_INT_CONVERSION = YES;
				CLANG_WARN_OBJC_ROOT_CLASS = YES_ERROR;
				CLANG_WARN_UNREACHABLE_CODE = YES;
				CLANG_WARN__DUPLICATE_METHOD_MATCH = YES;
				"CODE_SIGN_IDENTITY[sdk=iphoneos*]" = "iPhone Developer";
				COPY_PHASE_STRIP = NO;
				DEBUG_INFORMATION_FORMAT = dwarf;
				ENABLE_STRICT_OBJC_MSGSEND = YES;
				ENABLE_TESTABILITY = YES;
				GCC_C_LANGUAGE_STANDARD = gnu99;
				GCC_DYNAMIC_NO_PIC = NO;
				GCC_NO_COMMON_BLOCKS = YES;
				GCC_OPTIMIZATION_LEVEL = 0;
				GCC_PREPROCESSOR_DEFINITIONS = (
					"DEBUG=1",
					"$(inherited)",
				);
				GCC_WARN_64_TO_32_BIT_CONVERSION = YES;
				GCC_WARN_ABOUT_RETURN_TYPE = YES_ERROR;
				GCC_WARN_UNDECLARED_SELECTOR = YES;
				GCC_WARN_UNINITIALIZED_AUTOS = YES_AGGRESSIVE;
				GCC_WARN_UNUSED_FUNCTION = YES;
				GCC_WARN_UNUSED_VARIABLE = YES;
				IPHONEOS_DEPLOYMENT_TARGET = 9.0;
				MTL_ENABLE_DEBUG_INFO = YES;
				ONLY_ACTIVE_ARCH = YES;
				SDKROOT = iphoneos;
				SWIFT_OPTIMIZATION_LEVEL = "-Onone";
			};
			name = Debug;
		};
		23C9C6901BCAE567007949D2 /* Release */ = {
			isa = XCBuildConfiguration;
			buildSettings = {
				ALWAYS_SEARCH_USER_PATHS = NO;
				CLANG_CXX_LANGUAGE_STANDARD = "gnu++0x";
				CLANG_CXX_LIBRARY = "libc++";
				CLANG_ENABLE_MODULES = YES;
				CLANG_ENABLE_OBJC_ARC = YES;
				CLANG_WARN_BOOL_CONVERSION = YES;
				CLANG_WARN_CONSTANT_CONVERSION = YES;
				CLANG_WARN_DIRECT_OBJC_ISA_USAGE = YES_ERROR;
				CLANG_WARN_EMPTY_BODY = YES;
				CLANG_WARN_ENUM_CONVERSION = YES;
				CLANG_WARN_INT_CONVERSION = YES;
				CLANG_WARN_OBJC_ROOT_CLASS = YES_ERROR;
				CLANG_WARN_UNREACHABLE_CODE = YES;
				CLANG_WARN__DUPLICATE_METHOD_MATCH = YES;
				"CODE_SIGN_IDENTITY[sdk=iphoneos*]" = "iPhone Developer";
				COPY_PHASE_STRIP = NO;
				DEBUG_INFORMATION_FORMAT = "dwarf-with-dsym";
				ENABLE_NS_ASSERTIONS = NO;
				ENABLE_STRICT_OBJC_MSGSEND = YES;
				GCC_C_LANGUAGE_STANDARD = gnu99;
				GCC_NO_COMMON_BLOCKS = YES;
				GCC_WARN_64_TO_32_BIT_CONVERSION = YES;
				GCC_WARN_ABOUT_RETURN_TYPE = YES_ERROR;
				GCC_WARN_UNDECLARED_SELECTOR = YES;
				GCC_WARN_UNINITIALIZED_AUTOS = YES_AGGRESSIVE;
				GCC_WARN_UNUSED_FUNCTION = YES;
				GCC_WARN_UNUSED_VARIABLE = YES;
				IPHONEOS_DEPLOYMENT_TARGET = 9.0;
				MTL_ENABLE_DEBUG_INFO = NO;
				SDKROOT = iphoneos;
				VALIDATE_PRODUCT = YES;
			};
			name = Release;
		};
		23C9C6921BCAE567007949D2 /* Debug */ = {
			isa = XCBuildConfiguration;
			buildSettings = {
				ASSETCATALOG_COMPILER_APPICON_NAME = AppIcon;
				INFOPLIST_FILE = TableViewMiniLesson/Info.plist;
				LD_RUNPATH_SEARCH_PATHS = "$(inherited) @executable_path/Frameworks";
				PRODUCT_BUNDLE_IDENTIFIER = com.devmtn.TableViewMiniLesson;
				PRODUCT_NAME = "$(TARGET_NAME)";
			};
			name = Debug;
		};
		23C9C6931BCAE567007949D2 /* Release */ = {
			isa = XCBuildConfiguration;
			buildSettings = {
				ASSETCATALOG_COMPILER_APPICON_NAME = AppIcon;
				INFOPLIST_FILE = TableViewMiniLesson/Info.plist;
				LD_RUNPATH_SEARCH_PATHS = "$(inherited) @executable_path/Frameworks";
				PRODUCT_BUNDLE_IDENTIFIER = com.devmtn.TableViewMiniLesson;
				PRODUCT_NAME = "$(TARGET_NAME)";
			};
			name = Release;
		};
/* End XCBuildConfiguration section */

/* Begin XCConfigurationList section */
		23C9C6611BCAE567007949D2 /* Build configuration list for PBXProject "TableViewMiniLesson" */ = {
			isa = XCConfigurationList;
			buildConfigurations = (
				23C9C68F1BCAE567007949D2 /* Debug */,
				23C9C6901BCAE567007949D2 /* Release */,
			);
			defaultConfigurationIsVisible = 0;
			defaultConfigurationName = Release;
		};
		23C9C6911BCAE567007949D2 /* Build configuration list for PBXNativeTarget "TableViewMiniLesson" */ = {
			isa = XCConfigurationList;
			buildConfigurations = (
				23C9C6921BCAE567007949D2 /* Debug */,
				23C9C6931BCAE567007949D2 /* Release */,
			);
			defaultConfigurationIsVisible = 0;
			defaultConfigurationName = Release;
		};
/* End XCConfigurationList section */

/* Begin XCVersionGroup section */
		23C9C6701BCAE567007949D2 /* TableViewMiniLesson.xcdatamodeld */ = {
			isa = XCVersionGroup;
			children = (
				23C9C6711BCAE567007949D2 /* TableViewMiniLesson.xcdatamodel */,
			);
			currentVersion = 23C9C6711BCAE567007949D2 /* TableViewMiniLesson.xcdatamodel */;
			path = TableViewMiniLesson.xcdatamodeld;
			sourceTree = "<group>";
			versionGroupType = wrapper.xcdatamodel;
		};
/* End XCVersionGroup section */
	};
	rootObject = 23C9C65E1BCAE567007949D2 /* Project object */;
}
